PODS:
  - AFNetworking (2.1.0):
    - AFNetworking/NSURLConnection
    - AFNetworking/NSURLSession
    - AFNetworking/Reachability
    - AFNetworking/Security
    - AFNetworking/Serialization
    - AFNetworking/UIKit
  - AFNetworking/NSURLConnection (2.1.0):
    - AFNetworking/Reachability
    - AFNetworking/Security
    - AFNetworking/Serialization
  - AFNetworking/NSURLSession (2.1.0):
    - AFNetworking/NSURLConnection
  - AFNetworking/Reachability (2.1.0)
  - AFNetworking/Security (2.1.0)
  - AFNetworking/Serialization (2.1.0)
  - AFNetworking/UIKit (2.1.0):
    - AFNetworking/NSURLConnection
  - BlurryModalSegue (1.0.0):
    - MZAppearance (~> 1.1.1)
    - UIImage+BlurredFrame (~> 0.0.4)
  - CJStringValidator (1.0.1)
  - DBCamera (0.9)
  - DCModalSegue (0.0.2)
  - DOUAudioStreamer (0.2.6)
  - EasyViewPager (0.2.0)
  - FSExtendedAlertKit (0.1.0)
  - iOS-blur (0.0.4)
  - JSONKit (1.5pre)
  - M13ProgressSuite (1.0.0)
  - MBProgressHUD (0.8)
  - MHTextField (0.0.3)
  - MZAppearance (1.1.1)
  - NZCircularImageView (0.0.3):
    - UIActivityIndicator-for-SDWebImage (~> 1.0.3)
  - PunchScrollView (1.0.2)
  - SDWebImage (3.5.2):
    - SDWebImage/Core
  - SDWebImage/Core (3.5.2)
  - TTTAttributedLabel (1.8.1)
  - UIActivityIndicator-for-SDWebImage (1.0.3):
    - SDWebImage (~> 3.2)
  - UIImage+BlurredFrame (0.0.4)

DEPENDENCIES:
  - AFNetworking (~> 2.0)
  - BlurryModalSegue
  - CJStringValidator
  - DBCamera (~> 0.9)
  - DCModalSegue
  - DOUAudioStreamer (~> 0.2.6)
  - EasyViewPager
  - FSExtendedAlertKit
  - iOS-blur (~> 0.0.4)
  - JSONKit
  - M13ProgressSuite (~> 1.0.0)
  - MBProgressHUD
  - MHTextField (~> 0.0.3)
  - NZCircularImageView (~> 0.0.3)
  - PunchScrollView
  - SDWebImage
  - TTTAttributedLabel

SPEC CHECKSUMS:
  AFNetworking: c7d7901a83f631414c7eda1737261f696101a5cd
  BlurryModalSegue: 35b785b80d61fa05b7c422673bac2f975f312367
  CJStringValidator: f6b1226a0d995dd36af145595ba7c2c18437a9b9
  DBCamera: 2acf64390822c7f8d409ca37d269fdae2c9bcd1b
  DCModalSegue: dbec9bde298bdb92c4d15b2e4a10b6f43bc0977e
  DOUAudioStreamer: bd8cd5e59e6c0dea46b998dfc6527cae10bbabbc
  EasyViewPager: 29061253f6aa553cb59e92056ba989961210c62b
  FSExtendedAlertKit: f4e7dc5f0feccfa280d1f88492e8f01e8e30b97f
  iOS-blur: 88a6776951beba2aa47be68ee037dc757781a8af
  JSONKit: 409734ab3407fce90ef7eaa95d7168f38d9a6601
  M13ProgressSuite: 34c28a6eb72313660b4676ec2f05742a665700a7
  MBProgressHUD: 2bbc6f470111daf7f3eaa4eb12b8cbf01c4c0622
  MHTextField: 299b04dd7ce5354554c4bf4b968da60a04d20fdd
  MZAppearance: 8b02683f0019f725557ae9839ed6cab153fff669
  NZCircularImageView: 8aae94c4f1b5afae37b8290ad0f99d435e8df141
  PunchScrollView: 5f4bedc1230bb29dd68c09cc3b8e57547cfb962a
  SDWebImage: fe7ce01ae4e0a884d168f59c9dd82d35baf8429e
  TTTAttributedLabel: 3a571d73e055f4a79c304240598e4bfd199238e4
  UIActivityIndicator-for-SDWebImage: e712b97826395022ce7b4a4b56eb7194090c19d5
  UIImage+BlurredFrame: 9f29c4796105b50742abc31a69e18e37afb080a0

COCOAPODS: 0.29.0
