// !$*UTF8*$!
{
	archiveVersion = 1;
	classes = {
	};
	objectVersion = 46;
	objects = {

/* Begin PBXBuildFile section */
		738F2A975B374B3496EE6156 /* libPods.a in Frameworks */ = {isa = PBXBuildFile; fileRef = F60FDE2AA1EE48A5895DDF13 /* libPods.a */; };
		CD02709918C9BB1C007CB8BC /* AFAppDotNetAPIClient.m in Sources */ = {isa = PBXBuildFile; fileRef = CD02709818C9BB1C007CB8BC /* AFAppDotNetAPIClient.m */; };
		CD08A88318BB9E920013FC53 /* User.m in Sources */ = {isa = PBXBuildFile; fileRef = CD08A88218BB9E920013FC53 /* User.m */; };
		CD08A88618BBA2870013FC53 /* Vobble.m in Sources */ = {isa = PBXBuildFile; fileRef = CD08A88518BBA2870013FC53 /* Vobble.m */; };
		CD08A88918BBA6EB0013FC53 /* SKBounceAnimation.m in Sources */ = {isa = PBXBuildFile; fileRef = CD08A88818BBA6EB0013FC53 /* SKBounceAnimation.m */; };
		CD11160918C81FA300B382D4 /* AboutUsViewController.m in Sources */ = {isa = PBXBuildFile; fileRef = CD11160818C81FA300B382D4 /* AboutUsViewController.m */; };
		CD11161118C8292700B382D4 /* hansol.png in Resources */ = {isa = PBXBuildFile; fileRef = CD11160A18C8292700B382D4 /* hansol.png */; };
		CD11161218C8292700B382D4 /* jaeyoung.png in Resources */ = {isa = PBXBuildFile; fileRef = CD11160B18C8292700B382D4 /* jaeyoung.png */; };
		CD11161318C8292700B382D4 /* more_btn_press.png in Resources */ = {isa = PBXBuildFile; fileRef = CD11160C18C8292700B382D4 /* more_btn_press.png */; };
		CD11161418C8292700B382D4 /* more_btn.png in Resources */ = {isa = PBXBuildFile; fileRef = CD11160D18C8292700B382D4 /* more_btn.png */; };
		CD11161518C8292700B382D4 /* seungjin.png in Resources */ = {isa = PBXBuildFile; fileRef = CD11160E18C8292700B382D4 /* seungjin.png */; };
		CD11161618C8292700B382D4 /* soyoon.png in Resources */ = {isa = PBXBuildFile; fileRef = CD11160F18C8292700B382D4 /* soyoon.png */; };
		CD11161718C8292700B382D4 /* suwan.png in Resources */ = {isa = PBXBuildFile; fileRef = CD11161018C8292700B382D4 /* suwan.png */; };
		CD11161918C833F300B382D4 /* bgbg@2x.png in Resources */ = {isa = PBXBuildFile; fileRef = CD11161818C833F300B382D4 /* bgbg@2x.png */; };
		CD119E3118C5860E00286C32 /* Main.storyboard in Resources */ = {isa = PBXBuildFile; fileRef = CD119E2E18C5860E00286C32 /* Main.storyboard */; };
		CD264C5518B9C38B00D9035A /* SuperViewController.m in Sources */ = {isa = PBXBuildFile; fileRef = CD264C5418B9C38B00D9035A /* SuperViewController.m */; };
		CD264C5818B9C6F400D9035A /* App.m in Sources */ = {isa = PBXBuildFile; fileRef = CD264C5718B9C6F400D9035A /* App.m */; };
		CD264C5B18B9C84D00D9035A /* SignInViewController.m in Sources */ = {isa = PBXBuildFile; fileRef = CD264C5A18B9C84D00D9035A /* SignInViewController.m */; };
		CD264C5E18B9C85700D9035A /* SignUpViewController.m in Sources */ = {isa = PBXBuildFile; fileRef = CD264C5D18B9C85700D9035A /* SignUpViewController.m */; };
		CD264C6118B9C88800D9035A /* SignViewController.m in Sources */ = {isa = PBXBuildFile; fileRef = CD264C6018B9C88800D9035A /* SignViewController.m */; };
		CD264C6618B9CC3700D9035A /* MainViewController.m in Sources */ = {isa = PBXBuildFile; fileRef = CD264C6518B9CC3700D9035A /* MainViewController.m */; };
		CD264C6918B9CC3F00D9035A /* EventViewController.m in Sources */ = {isa = PBXBuildFile; fileRef = CD264C6818B9CC3F00D9035A /* EventViewController.m */; };
		CD264C6C18B9CC4A00D9035A /* CreateVobbleViewController.m in Sources */ = {isa = PBXBuildFile; fileRef = CD264C6B18B9CC4A00D9035A /* CreateVobbleViewController.m */; };
		CD264C6F18B9CC5200D9035A /* ConfirmVobbleViewController.m in Sources */ = {isa = PBXBuildFile; fileRef = CD264C6E18B9CC5200D9035A /* ConfirmVobbleViewController.m */; };
		CD264C7218B9CC6300D9035A /* VobbleViewController.m in Sources */ = {isa = PBXBuildFile; fileRef = CD264C7118B9CC6300D9035A /* VobbleViewController.m */; };
		CD264C7518B9CD5400D9035A /* RootTransitionFlipSegue.m in Sources */ = {isa = PBXBuildFile; fileRef = CD264C7418B9CD5400D9035A /* RootTransitionFlipSegue.m */; };
		CD264C7818B9CD6100D9035A /* RootTransitionSegue.m in Sources */ = {isa = PBXBuildFile; fileRef = CD264C7718B9CD6100D9035A /* RootTransitionSegue.m */; };
		CD264C7E18B9CDFC00D9035A /* RootTransitionDissolve.m in Sources */ = {isa = PBXBuildFile; fileRef = CD264C7D18B9CDFC00D9035A /* RootTransitionDissolve.m */; };
		CD264C8018B9D06400D9035A /* MediaPlayer.framework in Frameworks */ = {isa = PBXBuildFile; fileRef = CD264C7F18B9D06400D9035A /* MediaPlayer.framework */; };
		CD3155C818BA34BC00208393 /* MainVobbleViewController.m in Sources */ = {isa = PBXBuildFile; fileRef = CD3155C718BA34BC00208393 /* MainVobbleViewController.m */; };
		CD49BD2318BC1EEF00E67C90 /* Track.m in Sources */ = {isa = PBXBuildFile; fileRef = CD49BD2218BC1EEF00E67C90 /* Track.m */; };
		CD49BD2518BC203F00E67C90 /* AVFoundation.framework in Frameworks */ = {isa = PBXBuildFile; fileRef = CD49BD2418BC203F00E67C90 /* AVFoundation.framework */; settings = {ATTRIBUTES = (Required, ); }; };
		CD5CDE8C18BD993E00C77413 /* FriendVobbleViewController.m in Sources */ = {isa = PBXBuildFile; fileRef = CD5CDE8B18BD993E00C77413 /* FriendVobbleViewController.m */; };
		CD5CDE8F18BDA3ED00C77413 /* NavigationRootPopSegue.m in Sources */ = {isa = PBXBuildFile; fileRef = CD5CDE8E18BDA3ED00C77413 /* NavigationRootPopSegue.m */; };
		CD67083E18BCD412001EA671 /* Pin.m in Sources */ = {isa = PBXBuildFile; fileRef = CD67083D18BCD412001EA671 /* Pin.m */; };
		CD67084A18BCFB49001EA671 /* .gitignore in Resources */ = {isa = PBXBuildFile; fileRef = CD67084118BCFB49001EA671 /* .gitignore */; };
		CD67084B18BCFB49001EA671 /* LICENSE in Resources */ = {isa = PBXBuildFile; fileRef = CD67084218BCFB49001EA671 /* LICENSE */; };
		CD67084C18BCFB49001EA671 /* README.md in Resources */ = {isa = PBXBuildFile; fileRef = CD67084318BCFB49001EA671 /* README.md */; };
		CD67084D18BCFB49001EA671 /* UIImage+ResizeMagick.m in Sources */ = {isa = PBXBuildFile; fileRef = CD67084518BCFB49001EA671 /* UIImage+ResizeMagick.m */; };
		CD67084E18BCFB49001EA671 /* UIImage-ResizeMagick.podspec in Resources */ = {isa = PBXBuildFile; fileRef = CD67084618BCFB49001EA671 /* UIImage-ResizeMagick.podspec */; };
		CD67084F18BCFB49001EA671 /* DoActionSheet.m in Sources */ = {isa = PBXBuildFile; fileRef = CD67084918BCFB49001EA671 /* DoActionSheet.m */; };
		CD6C1DD618B99860004DA3AB /* Foundation.framework in Frameworks */ = {isa = PBXBuildFile; fileRef = CD6C1DD518B99860004DA3AB /* Foundation.framework */; };
		CD6C1DD818B99860004DA3AB /* CoreGraphics.framework in Frameworks */ = {isa = PBXBuildFile; fileRef = CD6C1DD718B99860004DA3AB /* CoreGraphics.framework */; };
		CD6C1DDA18B99860004DA3AB /* UIKit.framework in Frameworks */ = {isa = PBXBuildFile; fileRef = CD6C1DD918B99860004DA3AB /* UIKit.framework */; };
		CD6C1DE218B99860004DA3AB /* main.m in Sources */ = {isa = PBXBuildFile; fileRef = CD6C1DE118B99860004DA3AB /* main.m */; };
		CD6C1DF118B99860004DA3AB /* Images.xcassets in Resources */ = {isa = PBXBuildFile; fileRef = CD6C1DF018B99860004DA3AB /* Images.xcassets */; };
		CD6C1DF818B99860004DA3AB /* XCTest.framework in Frameworks */ = {isa = PBXBuildFile; fileRef = CD6C1DF718B99860004DA3AB /* XCTest.framework */; };
		CD6C1DF918B99860004DA3AB /* Foundation.framework in Frameworks */ = {isa = PBXBuildFile; fileRef = CD6C1DD518B99860004DA3AB /* Foundation.framework */; };
		CD6C1DFA18B99860004DA3AB /* UIKit.framework in Frameworks */ = {isa = PBXBuildFile; fileRef = CD6C1DD918B99860004DA3AB /* UIKit.framework */; };
		CD6C1E0418B99860004DA3AB /* Vobble_IOSTests.m in Sources */ = {isa = PBXBuildFile; fileRef = CD6C1E0318B99860004DA3AB /* Vobble_IOSTests.m */; };
		CD6C1E4D18B99A58004DA3AB /* AppDelegate.m in Sources */ = {isa = PBXBuildFile; fileRef = CD6C1E4A18B99A58004DA3AB /* AppDelegate.m */; };
		CD6C1E4E18B99A58004DA3AB /* ViewController.m in Sources */ = {isa = PBXBuildFile; fileRef = CD6C1E4C18B99A58004DA3AB /* ViewController.m */; };
		CD6C1E5218B99A90004DA3AB /* IntroViewController.m in Sources */ = {isa = PBXBuildFile; fileRef = CD6C1E5118B99A90004DA3AB /* IntroViewController.m */; };
		CD93CB7518BA13BD000FAD13 /* SignNavigationViewController.m in Sources */ = {isa = PBXBuildFile; fileRef = CD93CB7418BA13BD000FAD13 /* SignNavigationViewController.m */; };
		CD93CB7818BA19A4000FAD13 /* NavigationSegue.m in Sources */ = {isa = PBXBuildFile; fileRef = CD93CB7718BA19A4000FAD13 /* NavigationSegue.m */; };
		CD96DC8B18BB96C500E284A5 /* Localizable.strings in Resources */ = {isa = PBXBuildFile; fileRef = CD96DC8918BB96C500E284A5 /* Localizable.strings */; };
		CD96DC8E18BB96F600E284A5 /* Localizable.strings in Resources */ = {isa = PBXBuildFile; fileRef = CD96DC8918BB96C500E284A5 /* Localizable.strings */; };
		CD96DC9118BB972600E284A5 /* InfoPlist.strings in Resources */ = {isa = PBXBuildFile; fileRef = CD96DC8F18BB972600E284A5 /* InfoPlist.strings */; };
		CDB4AEF418C617A50095D0DD /* agree_btn_press@2x.png in Resources */ = {isa = PBXBuildFile; fileRef = CDB4AE9118C617A40095D0DD /* agree_btn_press@2x.png */; };
		CDB4AEF518C617A50095D0DD /* agree_btn@2x.png in Resources */ = {isa = PBXBuildFile; fileRef = CDB4AE9218C617A40095D0DD /* agree_btn@2x.png */; };
		CDB4AEF618C617A50095D0DD /* back_btn_o.png in Resources */ = {isa = PBXBuildFile; fileRef = CDB4AE9318C617A40095D0DD /* back_btn_o.png */; };
		CDB4AEF718C617A50095D0DD /* back_btn.png in Resources */ = {isa = PBXBuildFile; fileRef = CDB4AE9418C617A40095D0DD /* back_btn.png */; };
		CDB4AEFB18C617A50095D0DD /* bg@2x.png in Resources */ = {isa = PBXBuildFile; fileRef = CDB4AE9818C617A40095D0DD /* bg@2x.png */; };
		CDB4AEFC18C617A50095D0DD /* camera_press@2x.png in Resources */ = {isa = PBXBuildFile; fileRef = CDB4AE9918C617A40095D0DD /* camera_press@2x.png */; };
		CDB4AEFD18C617A50095D0DD /* camera@2x.png in Resources */ = {isa = PBXBuildFile; fileRef = CDB4AE9A18C617A40095D0DD /* camera@2x.png */; };
		CDB4AEFE18C617A50095D0DD /* cancel_btn@2x.png in Resources */ = {isa = PBXBuildFile; fileRef = CDB4AE9B18C617A40095D0DD /* cancel_btn@2x.png */; };
		CDB4AEFF18C617A50095D0DD /* cancel2_btn@2x.png in Resources */ = {isa = PBXBuildFile; fileRef = CDB4AE9C18C617A40095D0DD /* cancel2_btn@2x.png */; };
		CDB4AF0018C617A50095D0DD /* disagree_btn_press@2x.png in Resources */ = {isa = PBXBuildFile; fileRef = CDB4AE9D18C617A40095D0DD /* disagree_btn_press@2x.png */; };
		CDB4AF0118C617A50095D0DD /* disagree_btn@2x.png in Resources */ = {isa = PBXBuildFile; fileRef = CDB4AE9E18C617A40095D0DD /* disagree_btn@2x.png */; };
		CDB4AF0218C617A50095D0DD /* event_icn.png in Resources */ = {isa = PBXBuildFile; fileRef = CDB4AE9F18C617A40095D0DD /* event_icn.png */; };
		CDB4AF0318C617A50095D0DD /* events_btn_press@2x.png in Resources */ = {isa = PBXBuildFile; fileRef = CDB4AEA018C617A40095D0DD /* events_btn_press@2x.png */; };
		CDB4AF0418C617A50095D0DD /* events_btn@2x.png in Resources */ = {isa = PBXBuildFile; fileRef = CDB4AEA118C617A40095D0DD /* events_btn@2x.png */; };
		CDB4AF0518C617A50095D0DD /* friends.png in Resources */ = {isa = PBXBuildFile; fileRef = CDB4AEA218C617A40095D0DD /* friends.png */; };
		CDB4AF0618C617A50095D0DD /* ic_pin_01.png in Resources */ = {isa = PBXBuildFile; fileRef = CDB4AEA318C617A40095D0DD /* ic_pin_01.png */; };
		CDB4AF0718C617A50095D0DD /* icn_96.png in Resources */ = {isa = PBXBuildFile; fileRef = CDB4AEA418C617A40095D0DD /* icn_96.png */; };
		CDB4AF1118C617A50095D0DD /* intro.mp4 in Resources */ = {isa = PBXBuildFile; fileRef = CDB4AEAF18C617A40095D0DD /* intro.mp4 */; };
		CDB4AF1218C617A50095D0DD /* intro.png in Resources */ = {isa = PBXBuildFile; fileRef = CDB4AEB018C617A40095D0DD /* intro.png */; };
		CDB4AF1318C617A50095D0DD /* join_back_btn_o.png in Resources */ = {isa = PBXBuildFile; fileRef = CDB4AEB118C617A40095D0DD /* join_back_btn_o.png */; };
		CDB4AF1418C617A50095D0DD /* join_back_btn.png in Resources */ = {isa = PBXBuildFile; fileRef = CDB4AEB218C617A40095D0DD /* join_back_btn.png */; };
		CDB4AF1518C617A50095D0DD /* join_btn_o.png in Resources */ = {isa = PBXBuildFile; fileRef = CDB4AEB318C617A40095D0DD /* join_btn_o.png */; };
		CDB4AF1618C617A50095D0DD /* join_btn.png in Resources */ = {isa = PBXBuildFile; fileRef = CDB4AEB418C617A40095D0DD /* join_btn.png */; };
		CDB4AF1718C617A50095D0DD /* join_line.png in Resources */ = {isa = PBXBuildFile; fileRef = CDB4AEB518C617A40095D0DD /* join_line.png */; };
		CDB4AF1818C617A50095D0DD /* loading@2x.png in Resources */ = {isa = PBXBuildFile; fileRef = CDB4AEB618C617A40095D0DD /* loading@2x.png */; };
		CDB4AF1918C617A50095D0DD /* log_in_btn_press@2x.png in Resources */ = {isa = PBXBuildFile; fileRef = CDB4AEB718C617A40095D0DD /* log_in_btn_press@2x.png */; };
		CDB4AF1A18C617A50095D0DD /* log_in_btn@2x.png in Resources */ = {isa = PBXBuildFile; fileRef = CDB4AEB818C617A40095D0DD /* log_in_btn@2x.png */; };
		CDB4AF1B18C617A50095D0DD /* login_back_btn_o.png in Resources */ = {isa = PBXBuildFile; fileRef = CDB4AEB918C617A40095D0DD /* login_back_btn_o.png */; };
		CDB4AF1C18C617A50095D0DD /* login_back_btn.png in Resources */ = {isa = PBXBuildFile; fileRef = CDB4AEBA18C617A40095D0DD /* login_back_btn.png */; };
		CDB4AF1D18C617A50095D0DD /* login_btn_o.png in Resources */ = {isa = PBXBuildFile; fileRef = CDB4AEBB18C617A40095D0DD /* login_btn_o.png */; };
		CDB4AF1E18C617A50095D0DD /* login_btn.png in Resources */ = {isa = PBXBuildFile; fileRef = CDB4AEBC18C617A40095D0DD /* login_btn.png */; };
		CDB4AF1F18C617A50095D0DD /* login_line.png in Resources */ = {isa = PBXBuildFile; fileRef = CDB4AEBD18C617A40095D0DD /* login_line.png */; };
		CDB4AF2018C617A50095D0DD /* logo@2x.png in Resources */ = {isa = PBXBuildFile; fileRef = CDB4AEBE18C617A40095D0DD /* logo@2x.png */; };
		CDB4AF2118C617A50095D0DD /* myplace_press@2x.png in Resources */ = {isa = PBXBuildFile; fileRef = CDB4AEBF18C617A40095D0DD /* myplace_press@2x.png */; };
		CDB4AF2218C617A50095D0DD /* myplace@2x.png in Resources */ = {isa = PBXBuildFile; fileRef = CDB4AEC018C617A40095D0DD /* myplace@2x.png */; };
		CDB4AF2318C617A50095D0DD /* pause_btn@2x.png in Resources */ = {isa = PBXBuildFile; fileRef = CDB4AEC118C617A40095D0DD /* pause_btn@2x.png */; };
		CDB4AF2418C617A50095D0DD /* pause2_btn@2x.png in Resources */ = {isa = PBXBuildFile; fileRef = CDB4AEC218C617A40095D0DD /* pause2_btn@2x.png */; };
		CDB4AF2518C617A50095D0DD /* play_btn_o.png in Resources */ = {isa = PBXBuildFile; fileRef = CDB4AEC318C617A40095D0DD /* play_btn_o.png */; };
		CDB4AF2618C617A50095D0DD /* play_btn.png in Resources */ = {isa = PBXBuildFile; fileRef = CDB4AEC418C617A40095D0DD /* play_btn.png */; };
		CDB4AF2718C617A50095D0DD /* play_btn@2x.png in Resources */ = {isa = PBXBuildFile; fileRef = CDB4AEC518C617A40095D0DD /* play_btn@2x.png */; };
		CDB4AF2818C617A50095D0DD /* play2_btn@2x.png in Resources */ = {isa = PBXBuildFile; fileRef = CDB4AEC618C617A40095D0DD /* play2_btn@2x.png */; };
		CDB4AF2A18C617A50095D0DD /* record_btn@2x.png in Resources */ = {isa = PBXBuildFile; fileRef = CDB4AEC818C617A40095D0DD /* record_btn@2x.png */; };
		CDB4AF2B18C617A50095D0DD /* record_camera_icon_o.png in Resources */ = {isa = PBXBuildFile; fileRef = CDB4AEC918C617A40095D0DD /* record_camera_icon_o.png */; };
		CDB4AF2C18C617A50095D0DD /* record_camera_icon.png in Resources */ = {isa = PBXBuildFile; fileRef = CDB4AECA18C617A40095D0DD /* record_camera_icon.png */; };
		CDB4AF2D18C617A50095D0DD /* record_re_btn_o.png in Resources */ = {isa = PBXBuildFile; fileRef = CDB4AECB18C617A40095D0DD /* record_re_btn_o.png */; };
		CDB4AF2E18C617A50095D0DD /* record_re_btn.png in Resources */ = {isa = PBXBuildFile; fileRef = CDB4AECC18C617A40095D0DD /* record_re_btn.png */; };
		CDB4AF2F18C617A50095D0DD /* record_record_btn.png in Resources */ = {isa = PBXBuildFile; fileRef = CDB4AECD18C617A40095D0DD /* record_record_btn.png */; };
		CDB4AF3018C617A50095D0DD /* record_stop_btn.png in Resources */ = {isa = PBXBuildFile; fileRef = CDB4AECE18C617A40095D0DD /* record_stop_btn.png */; };
		CDB4AF3118C617A50095D0DD /* record2_btn@2x.png in Resources */ = {isa = PBXBuildFile; fileRef = CDB4AECF18C617A50095D0DD /* record2_btn@2x.png */; };
		CDB4AF3218C617A50095D0DD /* reload_btn_press@2x.png in Resources */ = {isa = PBXBuildFile; fileRef = CDB4AED018C617A50095D0DD /* reload_btn_press@2x.png */; };
		CDB4AF3318C617A50095D0DD /* reload_btn@2x.png in Resources */ = {isa = PBXBuildFile; fileRef = CDB4AED118C617A50095D0DD /* reload_btn@2x.png */; };
		CDB4AF3418C617A50095D0DD /* reload_icn.png in Resources */ = {isa = PBXBuildFile; fileRef = CDB4AED218C617A50095D0DD /* reload_icn.png */; };
		CDB4AF3518C617A50095D0DD /* reload_location.png in Resources */ = {isa = PBXBuildFile; fileRef = CDB4AED318C617A50095D0DD /* reload_location.png */; };
		CDB4AF3618C617A50095D0DD /* reload_press@2x.png in Resources */ = {isa = PBXBuildFile; fileRef = CDB4AED418C617A50095D0DD /* reload_press@2x.png */; };
		CDB4AF3718C617A50095D0DD /* reload@2x.png in Resources */ = {isa = PBXBuildFile; fileRef = CDB4AED518C617A50095D0DD /* reload@2x.png */; };
		CDB4AF3818C617A50095D0DD /* setting_btn_press@2x.png in Resources */ = {isa = PBXBuildFile; fileRef = CDB4AED618C617A50095D0DD /* setting_btn_press@2x.png */; };
		CDB4AF3918C617A50095D0DD /* setting_btn@2x.png in Resources */ = {isa = PBXBuildFile; fileRef = CDB4AED718C617A50095D0DD /* setting_btn@2x.png */; };
		CDB4AF3A18C617A50095D0DD /* setting_press@2x.png in Resources */ = {isa = PBXBuildFile; fileRef = CDB4AED818C617A50095D0DD /* setting_press@2x.png */; };
		CDB4AF3B18C617A50095D0DD /* setting@2x.png in Resources */ = {isa = PBXBuildFile; fileRef = CDB4AED918C617A50095D0DD /* setting@2x.png */; };
		CDB4AF3C18C617A50095D0DD /* shadow_bottom@2x.png in Resources */ = {isa = PBXBuildFile; fileRef = CDB4AEDA18C617A50095D0DD /* shadow_bottom@2x.png */; };
		CDB4AF3D18C617A50095D0DD /* shadow_top@2x.png in Resources */ = {isa = PBXBuildFile; fileRef = CDB4AEDB18C617A50095D0DD /* shadow_top@2x.png */; };
		CDB4AF3E18C617A50095D0DD /* sign_up_btn_press@2x.png in Resources */ = {isa = PBXBuildFile; fileRef = CDB4AEDC18C617A50095D0DD /* sign_up_btn_press@2x.png */; };
		CDB4AF3F18C617A50095D0DD /* sign_up_btn@2x.png in Resources */ = {isa = PBXBuildFile; fileRef = CDB4AEDD18C617A50095D0DD /* sign_up_btn@2x.png */; };
		CDB4AF4018C617A50095D0DD /* start_login_btn_o.png in Resources */ = {isa = PBXBuildFile; fileRef = CDB4AEDE18C617A50095D0DD /* start_login_btn_o.png */; };
		CDB4AF4118C617A50095D0DD /* start_login_btn.png in Resources */ = {isa = PBXBuildFile; fileRef = CDB4AEDF18C617A50095D0DD /* start_login_btn.png */; };
		CDB4AF4218C617A50095D0DD /* start_signup_btn_o.png in Resources */ = {isa = PBXBuildFile; fileRef = CDB4AEE018C617A50095D0DD /* start_signup_btn_o.png */; };
		CDB4AF4318C617A50095D0DD /* start_signup_btn.png in Resources */ = {isa = PBXBuildFile; fileRef = CDB4AEE118C617A50095D0DD /* start_signup_btn.png */; };
		CDB4AF4418C617A50095D0DD /* tab_mask.png in Resources */ = {isa = PBXBuildFile; fileRef = CDB4AEE218C617A50095D0DD /* tab_mask.png */; };
		CDB4AF4518C617A50095D0DD /* tu01.png in Resources */ = {isa = PBXBuildFile; fileRef = CDB4AEE318C617A50095D0DD /* tu01.png */; };
		CDB4AF4618C617A50095D0DD /* tu02.png in Resources */ = {isa = PBXBuildFile; fileRef = CDB4AEE418C617A50095D0DD /* tu02.png */; };
		CDB4AF4718C617A50095D0DD /* tu03.png in Resources */ = {isa = PBXBuildFile; fileRef = CDB4AEE518C617A50095D0DD /* tu03.png */; };
		CDB4AF4818C617A50095D0DD /* tu04.png in Resources */ = {isa = PBXBuildFile; fileRef = CDB4AEE618C617A50095D0DD /* tu04.png */; };
		CDB4AF4918C617A50095D0DD /* vobble_loading_icon.png in Resources */ = {isa = PBXBuildFile; fileRef = CDB4AEE718C617A50095D0DD /* vobble_loading_icon.png */; };
		CDB4AF4A18C617A50095D0DD /* voice_next_btn_o.png in Resources */ = {isa = PBXBuildFile; fileRef = CDB4AEE818C617A50095D0DD /* voice_next_btn_o.png */; };
		CDB4AF4B18C617A50095D0DD /* voice_next_btn.png in Resources */ = {isa = PBXBuildFile; fileRef = CDB4AEE918C617A50095D0DD /* voice_next_btn.png */; };
		CDB4AF4C18C617A50095D0DD /* voice_prev_btn_o.png in Resources */ = {isa = PBXBuildFile; fileRef = CDB4AEEA18C617A50095D0DD /* voice_prev_btn_o.png */; };
		CDB4AF4D18C617A50095D0DD /* voice_prev_btn.png in Resources */ = {isa = PBXBuildFile; fileRef = CDB4AEEB18C617A50095D0DD /* voice_prev_btn.png */; };
		CDB4AF4E18C617A50095D0DD /* voice_record_btn_o.png in Resources */ = {isa = PBXBuildFile; fileRef = CDB4AEEC18C617A50095D0DD /* voice_record_btn_o.png */; };
		CDB4AF4F18C617A50095D0DD /* voice_record_btn.png in Resources */ = {isa = PBXBuildFile; fileRef = CDB4AEED18C617A50095D0DD /* voice_record_btn.png */; };
		CDB4AF5018C617A50095D0DD /* voice_reload.png in Resources */ = {isa = PBXBuildFile; fileRef = CDB4AEEE18C617A50095D0DD /* voice_reload.png */; };
		CDB4AF5118C617A50095D0DD /* voice_remove_btn_o.png in Resources */ = {isa = PBXBuildFile; fileRef = CDB4AEEF18C617A50095D0DD /* voice_remove_btn_o.png */; };
		CDB4AF5218C617A50095D0DD /* voice_remove_btn.png in Resources */ = {isa = PBXBuildFile; fileRef = CDB4AEF018C617A50095D0DD /* voice_remove_btn.png */; };
		CDB4AF5318C617A50095D0DD /* voice_vobble.png in Resources */ = {isa = PBXBuildFile; fileRef = CDB4AEF118C617A50095D0DD /* voice_vobble.png */; };
		CDB4AF5418C617A50095D0DD /* x_btn_press.png in Resources */ = {isa = PBXBuildFile; fileRef = CDB4AEF218C617A50095D0DD /* x_btn_press.png */; };
		CDB4AF5518C617A50095D0DD /* x_btn.png in Resources */ = {isa = PBXBuildFile; fileRef = CDB4AEF318C617A50095D0DD /* x_btn.png */; };
		CDB4AF5718C6180F0095D0DD /* record_btn_press@2x.png in Resources */ = {isa = PBXBuildFile; fileRef = CDB4AF5618C6180F0095D0DD /* record_btn_press@2x.png */; };
		CDB7294C18BA2E1A009EC23F /* QuartzCore.framework in Frameworks */ = {isa = PBXBuildFile; fileRef = CDB7294B18BA2E1A009EC23F /* QuartzCore.framework */; };
		CDB7295018BA2F21009EC23F /* URL.m in Sources */ = {isa = PBXBuildFile; fileRef = CDB7294F18BA2F21009EC23F /* URL.m */; };
		CDB7295318BA3052009EC23F /* IBCellFlipSegue.m in Sources */ = {isa = PBXBuildFile; fileRef = CDB7295218BA3052009EC23F /* IBCellFlipSegue.m */; };
		CDBE816B18C05B6D00588A8F /* AgreeViewController.m in Sources */ = {isa = PBXBuildFile; fileRef = CDBE816A18C05B6D00588A8F /* AgreeViewController.m */; };
		CDD0246718BA5DDC005CD08D /* NavagtionBlurSegue.m in Sources */ = {isa = PBXBuildFile; fileRef = CDD0246618BA5DDC005CD08D /* NavagtionBlurSegue.m */; };
		CDD0246918BA62C6005CD08D /* CoreLocation.framework in Frameworks */ = {isa = PBXBuildFile; fileRef = CDD0246818BA62C6005CD08D /* CoreLocation.framework */; };
		CDD0247218BA659C005CD08D /* SystemConfiguration.framework in Frameworks */ = {isa = PBXBuildFile; fileRef = CDD0247118BA659C005CD08D /* SystemConfiguration.framework */; };
		CDD024AC18BA6D99005CD08D /* MapKit.framework in Frameworks */ = {isa = PBXBuildFile; fileRef = CDD0246A18BA63DF005CD08D /* MapKit.framework */; settings = {ATTRIBUTES = (Required, ); }; };
/* End PBXBuildFile section */

/* Begin PBXContainerItemProxy section */
		CD6C1DFB18B99860004DA3AB /* PBXContainerItemProxy */ = {
			isa = PBXContainerItemProxy;
			containerPortal = CD6C1DCA18B99860004DA3AB /* Project object */;
			proxyType = 1;
			remoteGlobalIDString = CD6C1DD118B99860004DA3AB;
			remoteInfo = Vobble_IOS;
		};
/* End PBXContainerItemProxy section */

/* Begin PBXFileReference section */
		CD02709718C9BB1C007CB8BC /* AFAppDotNetAPIClient.h */ = {isa = PBXFileReference; fileEncoding = 4; lastKnownFileType = sourcecode.c.h; path = AFAppDotNetAPIClient.h; sourceTree = "<group>"; };
		CD02709818C9BB1C007CB8BC /* AFAppDotNetAPIClient.m */ = {isa = PBXFileReference; fileEncoding = 4; lastKnownFileType = sourcecode.c.objc; path = AFAppDotNetAPIClient.m; sourceTree = "<group>"; };
		CD08A88118BB9E920013FC53 /* User.h */ = {isa = PBXFileReference; fileEncoding = 4; lastKnownFileType = sourcecode.c.h; path = User.h; sourceTree = "<group>"; };
		CD08A88218BB9E920013FC53 /* User.m */ = {isa = PBXFileReference; fileEncoding = 4; lastKnownFileType = sourcecode.c.objc; path = User.m; sourceTree = "<group>"; };
		CD08A88418BBA2870013FC53 /* Vobble.h */ = {isa = PBXFileReference; fileEncoding = 4; lastKnownFileType = sourcecode.c.h; path = Vobble.h; sourceTree = "<group>"; };
		CD08A88518BBA2870013FC53 /* Vobble.m */ = {isa = PBXFileReference; fileEncoding = 4; lastKnownFileType = sourcecode.c.objc; path = Vobble.m; sourceTree = "<group>"; };
		CD08A88718BBA6EB0013FC53 /* SKBounceAnimation.h */ = {isa = PBXFileReference; fileEncoding = 4; lastKnownFileType = sourcecode.c.h; path = SKBounceAnimation.h; sourceTree = "<group>"; };
		CD08A88818BBA6EB0013FC53 /* SKBounceAnimation.m */ = {isa = PBXFileReference; fileEncoding = 4; lastKnownFileType = sourcecode.c.objc; path = SKBounceAnimation.m; sourceTree = "<group>"; };
		CD11160718C81FA300B382D4 /* AboutUsViewController.h */ = {isa = PBXFileReference; fileEncoding = 4; lastKnownFileType = sourcecode.c.h; path = AboutUsViewController.h; sourceTree = "<group>"; };
		CD11160818C81FA300B382D4 /* AboutUsViewController.m */ = {isa = PBXFileReference; fileEncoding = 4; lastKnownFileType = sourcecode.c.objc; path = AboutUsViewController.m; sourceTree = "<group>"; };
		CD11160A18C8292700B382D4 /* hansol.png */ = {isa = PBXFileReference; lastKnownFileType = image.png; path = hansol.png; sourceTree = "<group>"; };
		CD11160B18C8292700B382D4 /* jaeyoung.png */ = {isa = PBXFileReference; lastKnownFileType = image.png; path = jaeyoung.png; sourceTree = "<group>"; };
		CD11160C18C8292700B382D4 /* more_btn_press.png */ = {isa = PBXFileReference; lastKnownFileType = image.png; path = more_btn_press.png; sourceTree = "<group>"; };
		CD11160D18C8292700B382D4 /* more_btn.png */ = {isa = PBXFileReference; lastKnownFileType = image.png; path = more_btn.png; sourceTree = "<group>"; };
		CD11160E18C8292700B382D4 /* seungjin.png */ = {isa = PBXFileReference; lastKnownFileType = image.png; path = seungjin.png; sourceTree = "<group>"; };
		CD11160F18C8292700B382D4 /* soyoon.png */ = {isa = PBXFileReference; lastKnownFileType = image.png; path = soyoon.png; sourceTree = "<group>"; };
		CD11161018C8292700B382D4 /* suwan.png */ = {isa = PBXFileReference; lastKnownFileType = image.png; path = suwan.png; sourceTree = "<group>"; };
		CD11161818C833F300B382D4 /* bgbg@2x.png */ = {isa = PBXFileReference; lastKnownFileType = image.png; path = "bgbg@2x.png"; sourceTree = "<group>"; };
		CD119E2D18C5860E00286C32 /* Base */ = {isa = PBXFileReference; lastKnownFileType = file.storyboard; name = Base; path = Base.lproj/Main_iPad.storyboard; sourceTree = "<group>"; };
		CD119E3218C5864F00286C32 /* en */ = {isa = PBXFileReference; lastKnownFileType = file.storyboard; name = en; path = en.lproj/Main.storyboard; sourceTree = "<group>"; };
		CD264C5318B9C38B00D9035A /* SuperViewController.h */ = {isa = PBXFileReference; fileEncoding = 4; lastKnownFileType = sourcecode.c.h; path = SuperViewController.h; sourceTree = "<group>"; };
		CD264C5418B9C38B00D9035A /* SuperViewController.m */ = {isa = PBXFileReference; fileEncoding = 4; lastKnownFileType = sourcecode.c.objc; path = SuperViewController.m; sourceTree = "<group>"; };
		CD264C5618B9C6F400D9035A /* App.h */ = {isa = PBXFileReference; fileEncoding = 4; lastKnownFileType = sourcecode.c.h; path = App.h; sourceTree = "<group>"; };
		CD264C5718B9C6F400D9035A /* App.m */ = {isa = PBXFileReference; fileEncoding = 4; lastKnownFileType = sourcecode.c.objc; path = App.m; sourceTree = "<group>"; };
		CD264C5918B9C84D00D9035A /* SignInViewController.h */ = {isa = PBXFileReference; fileEncoding = 4; lastKnownFileType = sourcecode.c.h; path = SignInViewController.h; sourceTree = "<group>"; };
		CD264C5A18B9C84D00D9035A /* SignInViewController.m */ = {isa = PBXFileReference; fileEncoding = 4; lastKnownFileType = sourcecode.c.objc; path = SignInViewController.m; sourceTree = "<group>"; };
		CD264C5C18B9C85700D9035A /* SignUpViewController.h */ = {isa = PBXFileReference; fileEncoding = 4; lastKnownFileType = sourcecode.c.h; path = SignUpViewController.h; sourceTree = "<group>"; };
		CD264C5D18B9C85700D9035A /* SignUpViewController.m */ = {isa = PBXFileReference; fileEncoding = 4; lastKnownFileType = sourcecode.c.objc; path = SignUpViewController.m; sourceTree = "<group>"; };
		CD264C5F18B9C88800D9035A /* SignViewController.h */ = {isa = PBXFileReference; fileEncoding = 4; lastKnownFileType = sourcecode.c.h; path = SignViewController.h; sourceTree = "<group>"; };
		CD264C6018B9C88800D9035A /* SignViewController.m */ = {isa = PBXFileReference; fileEncoding = 4; lastKnownFileType = sourcecode.c.objc; path = SignViewController.m; sourceTree = "<group>"; };
		CD264C6418B9CC3700D9035A /* MainViewController.h */ = {isa = PBXFileReference; fileEncoding = 4; lastKnownFileType = sourcecode.c.h; path = MainViewController.h; sourceTree = "<group>"; };
		CD264C6518B9CC3700D9035A /* MainViewController.m */ = {isa = PBXFileReference; fileEncoding = 4; lastKnownFileType = sourcecode.c.objc; path = MainViewController.m; sourceTree = "<group>"; };
		CD264C6718B9CC3F00D9035A /* EventViewController.h */ = {isa = PBXFileReference; fileEncoding = 4; lastKnownFileType = sourcecode.c.h; path = EventViewController.h; sourceTree = "<group>"; };
		CD264C6818B9CC3F00D9035A /* EventViewController.m */ = {isa = PBXFileReference; fileEncoding = 4; lastKnownFileType = sourcecode.c.objc; path = EventViewController.m; sourceTree = "<group>"; };
		CD264C6A18B9CC4A00D9035A /* CreateVobbleViewController.h */ = {isa = PBXFileReference; fileEncoding = 4; lastKnownFileType = sourcecode.c.h; path = CreateVobbleViewController.h; sourceTree = "<group>"; };
		CD264C6B18B9CC4A00D9035A /* CreateVobbleViewController.m */ = {isa = PBXFileReference; fileEncoding = 4; lastKnownFileType = sourcecode.c.objc; path = CreateVobbleViewController.m; sourceTree = "<group>"; };
		CD264C6D18B9CC5200D9035A /* ConfirmVobbleViewController.h */ = {isa = PBXFileReference; fileEncoding = 4; lastKnownFileType = sourcecode.c.h; path = ConfirmVobbleViewController.h; sourceTree = "<group>"; };
		CD264C6E18B9CC5200D9035A /* ConfirmVobbleViewController.m */ = {isa = PBXFileReference; fileEncoding = 4; lastKnownFileType = sourcecode.c.objc; path = ConfirmVobbleViewController.m; sourceTree = "<group>"; };
		CD264C7018B9CC6300D9035A /* VobbleViewController.h */ = {isa = PBXFileReference; fileEncoding = 4; lastKnownFileType = sourcecode.c.h; path = VobbleViewController.h; sourceTree = "<group>"; };
		CD264C7118B9CC6300D9035A /* VobbleViewController.m */ = {isa = PBXFileReference; fileEncoding = 4; lastKnownFileType = sourcecode.c.objc; path = VobbleViewController.m; sourceTree = "<group>"; };
		CD264C7318B9CD5400D9035A /* RootTransitionFlipSegue.h */ = {isa = PBXFileReference; fileEncoding = 4; lastKnownFileType = sourcecode.c.h; path = RootTransitionFlipSegue.h; sourceTree = "<group>"; };
		CD264C7418B9CD5400D9035A /* RootTransitionFlipSegue.m */ = {isa = PBXFileReference; fileEncoding = 4; lastKnownFileType = sourcecode.c.objc; path = RootTransitionFlipSegue.m; sourceTree = "<group>"; };
		CD264C7618B9CD6100D9035A /* RootTransitionSegue.h */ = {isa = PBXFileReference; fileEncoding = 4; lastKnownFileType = sourcecode.c.h; path = RootTransitionSegue.h; sourceTree = "<group>"; };
		CD264C7718B9CD6100D9035A /* RootTransitionSegue.m */ = {isa = PBXFileReference; fileEncoding = 4; lastKnownFileType = sourcecode.c.objc; path = RootTransitionSegue.m; sourceTree = "<group>"; };
		CD264C7C18B9CDFC00D9035A /* RootTransitionDissolve.h */ = {isa = PBXFileReference; fileEncoding = 4; lastKnownFileType = sourcecode.c.h; path = RootTransitionDissolve.h; sourceTree = "<group>"; };
		CD264C7D18B9CDFC00D9035A /* RootTransitionDissolve.m */ = {isa = PBXFileReference; fileEncoding = 4; lastKnownFileType = sourcecode.c.objc; path = RootTransitionDissolve.m; sourceTree = "<group>"; };
		CD264C7F18B9D06400D9035A /* MediaPlayer.framework */ = {isa = PBXFileReference; lastKnownFileType = wrapper.framework; name = MediaPlayer.framework; path = System/Library/Frameworks/MediaPlayer.framework; sourceTree = SDKROOT; };
		CD3155C618BA34BC00208393 /* MainVobbleViewController.h */ = {isa = PBXFileReference; fileEncoding = 4; lastKnownFileType = sourcecode.c.h; path = MainVobbleViewController.h; sourceTree = "<group>"; };
		CD3155C718BA34BC00208393 /* MainVobbleViewController.m */ = {isa = PBXFileReference; fileEncoding = 4; lastKnownFileType = sourcecode.c.objc; path = MainVobbleViewController.m; sourceTree = "<group>"; };
		CD49BD2118BC1EEF00E67C90 /* Track.h */ = {isa = PBXFileReference; fileEncoding = 4; lastKnownFileType = sourcecode.c.h; path = Track.h; sourceTree = "<group>"; };
		CD49BD2218BC1EEF00E67C90 /* Track.m */ = {isa = PBXFileReference; fileEncoding = 4; lastKnownFileType = sourcecode.c.objc; path = Track.m; sourceTree = "<group>"; };
		CD49BD2418BC203F00E67C90 /* AVFoundation.framework */ = {isa = PBXFileReference; lastKnownFileType = wrapper.framework; name = AVFoundation.framework; path = System/Library/Frameworks/AVFoundation.framework; sourceTree = SDKROOT; };
		CD5CDE8A18BD993E00C77413 /* FriendVobbleViewController.h */ = {isa = PBXFileReference; fileEncoding = 4; lastKnownFileType = sourcecode.c.h; path = FriendVobbleViewController.h; sourceTree = "<group>"; };
		CD5CDE8B18BD993E00C77413 /* FriendVobbleViewController.m */ = {isa = PBXFileReference; fileEncoding = 4; lastKnownFileType = sourcecode.c.objc; path = FriendVobbleViewController.m; sourceTree = "<group>"; };
		CD5CDE8D18BDA3ED00C77413 /* NavigationRootPopSegue.h */ = {isa = PBXFileReference; fileEncoding = 4; lastKnownFileType = sourcecode.c.h; path = NavigationRootPopSegue.h; sourceTree = "<group>"; };
		CD5CDE8E18BDA3ED00C77413 /* NavigationRootPopSegue.m */ = {isa = PBXFileReference; fileEncoding = 4; lastKnownFileType = sourcecode.c.objc; path = NavigationRootPopSegue.m; sourceTree = "<group>"; };
		CD67083C18BCD412001EA671 /* Pin.h */ = {isa = PBXFileReference; fileEncoding = 4; lastKnownFileType = sourcecode.c.h; path = Pin.h; sourceTree = "<group>"; };
		CD67083D18BCD412001EA671 /* Pin.m */ = {isa = PBXFileReference; fileEncoding = 4; lastKnownFileType = sourcecode.c.objc; path = Pin.m; sourceTree = "<group>"; };
		CD67084118BCFB49001EA671 /* .gitignore */ = {isa = PBXFileReference; fileEncoding = 4; lastKnownFileType = text; path = .gitignore; sourceTree = "<group>"; };
		CD67084218BCFB49001EA671 /* LICENSE */ = {isa = PBXFileReference; fileEncoding = 4; lastKnownFileType = text; path = LICENSE; sourceTree = "<group>"; };
		CD67084318BCFB49001EA671 /* README.md */ = {isa = PBXFileReference; fileEncoding = 4; lastKnownFileType = text; path = README.md; sourceTree = "<group>"; };
		CD67084418BCFB49001EA671 /* UIImage+ResizeMagick.h */ = {isa = PBXFileReference; fileEncoding = 4; lastKnownFileType = sourcecode.c.h; path = "UIImage+ResizeMagick.h"; sourceTree = "<group>"; };
		CD67084518BCFB49001EA671 /* UIImage+ResizeMagick.m */ = {isa = PBXFileReference; fileEncoding = 4; lastKnownFileType = sourcecode.c.objc; path = "UIImage+ResizeMagick.m"; sourceTree = "<group>"; };
		CD67084618BCFB49001EA671 /* UIImage-ResizeMagick.podspec */ = {isa = PBXFileReference; fileEncoding = 4; lastKnownFileType = text; path = "UIImage-ResizeMagick.podspec"; sourceTree = "<group>"; };
		CD67084818BCFB49001EA671 /* DoActionSheet.h */ = {isa = PBXFileReference; fileEncoding = 4; lastKnownFileType = sourcecode.c.h; path = DoActionSheet.h; sourceTree = "<group>"; };
		CD67084918BCFB49001EA671 /* DoActionSheet.m */ = {isa = PBXFileReference; fileEncoding = 4; lastKnownFileType = sourcecode.c.objc; path = DoActionSheet.m; sourceTree = "<group>"; };
		CD6C1DD218B99860004DA3AB /* Vobble_IOS.app */ = {isa = PBXFileReference; explicitFileType = wrapper.application; includeInIndex = 0; path = Vobble_IOS.app; sourceTree = BUILT_PRODUCTS_DIR; };
		CD6C1DD518B99860004DA3AB /* Foundation.framework */ = {isa = PBXFileReference; lastKnownFileType = wrapper.framework; name = Foundation.framework; path = System/Library/Frameworks/Foundation.framework; sourceTree = SDKROOT; };
		CD6C1DD718B99860004DA3AB /* CoreGraphics.framework */ = {isa = PBXFileReference; lastKnownFileType = wrapper.framework; name = CoreGraphics.framework; path = System/Library/Frameworks/CoreGraphics.framework; sourceTree = SDKROOT; };
		CD6C1DD918B99860004DA3AB /* UIKit.framework */ = {isa = PBXFileReference; lastKnownFileType = wrapper.framework; name = UIKit.framework; path = System/Library/Frameworks/UIKit.framework; sourceTree = SDKROOT; };
		CD6C1DDD18B99860004DA3AB /* Vobble_IOS-Info.plist */ = {isa = PBXFileReference; lastKnownFileType = text.plist.xml; path = "Vobble_IOS-Info.plist"; sourceTree = "<group>"; };
		CD6C1DE118B99860004DA3AB /* main.m */ = {isa = PBXFileReference; lastKnownFileType = sourcecode.c.objc; path = main.m; sourceTree = "<group>"; };
		CD6C1DE318B99860004DA3AB /* Vobble_IOS-Prefix.pch */ = {isa = PBXFileReference; lastKnownFileType = sourcecode.c.h; path = "Vobble_IOS-Prefix.pch"; sourceTree = "<group>"; };
		CD6C1DF018B99860004DA3AB /* Images.xcassets */ = {isa = PBXFileReference; lastKnownFileType = folder.assetcatalog; path = Images.xcassets; sourceTree = "<group>"; };
		CD6C1DF618B99860004DA3AB /* Vobble_IOSTests.xctest */ = {isa = PBXFileReference; explicitFileType = wrapper.cfbundle; includeInIndex = 0; path = Vobble_IOSTests.xctest; sourceTree = BUILT_PRODUCTS_DIR; };
		CD6C1DF718B99860004DA3AB /* XCTest.framework */ = {isa = PBXFileReference; lastKnownFileType = wrapper.framework; name = XCTest.framework; path = Library/Frameworks/XCTest.framework; sourceTree = DEVELOPER_DIR; };
		CD6C1DFF18B99860004DA3AB /* Vobble_IOSTests-Info.plist */ = {isa = PBXFileReference; lastKnownFileType = text.plist.xml; path = "Vobble_IOSTests-Info.plist"; sourceTree = "<group>"; };
		CD6C1E0318B99860004DA3AB /* Vobble_IOSTests.m */ = {isa = PBXFileReference; lastKnownFileType = sourcecode.c.objc; path = Vobble_IOSTests.m; sourceTree = "<group>"; };
		CD6C1E4918B99A58004DA3AB /* AppDelegate.h */ = {isa = PBXFileReference; fileEncoding = 4; lastKnownFileType = sourcecode.c.h; path = AppDelegate.h; sourceTree = "<group>"; };
		CD6C1E4A18B99A58004DA3AB /* AppDelegate.m */ = {isa = PBXFileReference; fileEncoding = 4; lastKnownFileType = sourcecode.c.objc; path = AppDelegate.m; sourceTree = "<group>"; };
		CD6C1E4B18B99A58004DA3AB /* ViewController.h */ = {isa = PBXFileReference; fileEncoding = 4; lastKnownFileType = sourcecode.c.h; path = ViewController.h; sourceTree = "<group>"; };
		CD6C1E4C18B99A58004DA3AB /* ViewController.m */ = {isa = PBXFileReference; fileEncoding = 4; lastKnownFileType = sourcecode.c.objc; path = ViewController.m; sourceTree = "<group>"; };
		CD6C1E5018B99A90004DA3AB /* IntroViewController.h */ = {isa = PBXFileReference; fileEncoding = 4; lastKnownFileType = sourcecode.c.h; path = IntroViewController.h; sourceTree = "<group>"; };
		CD6C1E5118B99A90004DA3AB /* IntroViewController.m */ = {isa = PBXFileReference; fileEncoding = 4; lastKnownFileType = sourcecode.c.objc; path = IntroViewController.m; sourceTree = "<group>"; };
		CD93CB7318BA13BD000FAD13 /* SignNavigationViewController.h */ = {isa = PBXFileReference; fileEncoding = 4; lastKnownFileType = sourcecode.c.h; path = SignNavigationViewController.h; sourceTree = "<group>"; };
		CD93CB7418BA13BD000FAD13 /* SignNavigationViewController.m */ = {isa = PBXFileReference; fileEncoding = 4; lastKnownFileType = sourcecode.c.objc; path = SignNavigationViewController.m; sourceTree = "<group>"; };
		CD93CB7618BA19A4000FAD13 /* NavigationSegue.h */ = {isa = PBXFileReference; fileEncoding = 4; lastKnownFileType = sourcecode.c.h; path = NavigationSegue.h; sourceTree = "<group>"; };
		CD93CB7718BA19A4000FAD13 /* NavigationSegue.m */ = {isa = PBXFileReference; fileEncoding = 4; lastKnownFileType = sourcecode.c.objc; path = NavigationSegue.m; sourceTree = "<group>"; };
		CD96DC8A18BB96C500E284A5 /* en */ = {isa = PBXFileReference; lastKnownFileType = text.plist.strings; name = en; path = en.lproj/Localizable.strings; sourceTree = "<group>"; };
		CD96DC8C18BB96D100E284A5 /* ko */ = {isa = PBXFileReference; lastKnownFileType = text.plist.strings; name = ko; path = ko.lproj/Localizable.strings; sourceTree = "<group>"; };
		CD96DC9018BB972600E284A5 /* en */ = {isa = PBXFileReference; lastKnownFileType = text.plist.strings; name = en; path = en.lproj/InfoPlist.strings; sourceTree = "<group>"; };
		CD96DC9318BB973800E284A5 /* ko */ = {isa = PBXFileReference; lastKnownFileType = text.plist.strings; name = ko; path = ko.lproj/InfoPlist.strings; sourceTree = "<group>"; };
		CDB4AE9118C617A40095D0DD /* agree_btn_press@2x.png */ = {isa = PBXFileReference; lastKnownFileType = image.png; path = "agree_btn_press@2x.png"; sourceTree = "<group>"; };
		CDB4AE9218C617A40095D0DD /* agree_btn@2x.png */ = {isa = PBXFileReference; lastKnownFileType = image.png; path = "agree_btn@2x.png"; sourceTree = "<group>"; };
		CDB4AE9318C617A40095D0DD /* back_btn_o.png */ = {isa = PBXFileReference; lastKnownFileType = image.png; path = back_btn_o.png; sourceTree = "<group>"; };
		CDB4AE9418C617A40095D0DD /* back_btn.png */ = {isa = PBXFileReference; lastKnownFileType = image.png; path = back_btn.png; sourceTree = "<group>"; };
		CDB4AE9818C617A40095D0DD /* bg@2x.png */ = {isa = PBXFileReference; lastKnownFileType = image.png; path = "bg@2x.png"; sourceTree = "<group>"; };
		CDB4AE9918C617A40095D0DD /* camera_press@2x.png */ = {isa = PBXFileReference; lastKnownFileType = image.png; path = "camera_press@2x.png"; sourceTree = "<group>"; };
		CDB4AE9A18C617A40095D0DD /* camera@2x.png */ = {isa = PBXFileReference; lastKnownFileType = image.png; path = "camera@2x.png"; sourceTree = "<group>"; };
		CDB4AE9B18C617A40095D0DD /* cancel_btn@2x.png */ = {isa = PBXFileReference; lastKnownFileType = image.png; path = "cancel_btn@2x.png"; sourceTree = "<group>"; };
		CDB4AE9C18C617A40095D0DD /* cancel2_btn@2x.png */ = {isa = PBXFileReference; lastKnownFileType = image.png; path = "cancel2_btn@2x.png"; sourceTree = "<group>"; };
		CDB4AE9D18C617A40095D0DD /* disagree_btn_press@2x.png */ = {isa = PBXFileReference; lastKnownFileType = image.png; path = "disagree_btn_press@2x.png"; sourceTree = "<group>"; };
		CDB4AE9E18C617A40095D0DD /* disagree_btn@2x.png */ = {isa = PBXFileReference; lastKnownFileType = image.png; path = "disagree_btn@2x.png"; sourceTree = "<group>"; };
		CDB4AE9F18C617A40095D0DD /* event_icn.png */ = {isa = PBXFileReference; lastKnownFileType = image.png; path = event_icn.png; sourceTree = "<group>"; };
		CDB4AEA018C617A40095D0DD /* events_btn_press@2x.png */ = {isa = PBXFileReference; lastKnownFileType = image.png; path = "events_btn_press@2x.png"; sourceTree = "<group>"; };
		CDB4AEA118C617A40095D0DD /* events_btn@2x.png */ = {isa = PBXFileReference; lastKnownFileType = image.png; path = "events_btn@2x.png"; sourceTree = "<group>"; };
		CDB4AEA218C617A40095D0DD /* friends.png */ = {isa = PBXFileReference; lastKnownFileType = image.png; path = friends.png; sourceTree = "<group>"; };
		CDB4AEA318C617A40095D0DD /* ic_pin_01.png */ = {isa = PBXFileReference; lastKnownFileType = image.png; path = ic_pin_01.png; sourceTree = "<group>"; };
		CDB4AEA418C617A40095D0DD /* icn_96.png */ = {isa = PBXFileReference; lastKnownFileType = image.png; path = icn_96.png; sourceTree = "<group>"; };
		CDB4AEAF18C617A40095D0DD /* intro.mp4 */ = {isa = PBXFileReference; lastKnownFileType = file; path = intro.mp4; sourceTree = "<group>"; };
		CDB4AEB018C617A40095D0DD /* intro.png */ = {isa = PBXFileReference; lastKnownFileType = image.png; path = intro.png; sourceTree = "<group>"; };
		CDB4AEB118C617A40095D0DD /* join_back_btn_o.png */ = {isa = PBXFileReference; lastKnownFileType = image.png; path = join_back_btn_o.png; sourceTree = "<group>"; };
		CDB4AEB218C617A40095D0DD /* join_back_btn.png */ = {isa = PBXFileReference; lastKnownFileType = image.png; path = join_back_btn.png; sourceTree = "<group>"; };
		CDB4AEB318C617A40095D0DD /* join_btn_o.png */ = {isa = PBXFileReference; lastKnownFileType = image.png; path = join_btn_o.png; sourceTree = "<group>"; };
		CDB4AEB418C617A40095D0DD /* join_btn.png */ = {isa = PBXFileReference; lastKnownFileType = image.png; path = join_btn.png; sourceTree = "<group>"; };
		CDB4AEB518C617A40095D0DD /* join_line.png */ = {isa = PBXFileReference; lastKnownFileType = image.png; path = join_line.png; sourceTree = "<group>"; };
		CDB4AEB618C617A40095D0DD /* loading@2x.png */ = {isa = PBXFileReference; lastKnownFileType = image.png; path = "loading@2x.png"; sourceTree = "<group>"; };
		CDB4AEB718C617A40095D0DD /* log_in_btn_press@2x.png */ = {isa = PBXFileReference; lastKnownFileType = image.png; path = "log_in_btn_press@2x.png"; sourceTree = "<group>"; };
		CDB4AEB818C617A40095D0DD /* log_in_btn@2x.png */ = {isa = PBXFileReference; lastKnownFileType = image.png; path = "log_in_btn@2x.png"; sourceTree = "<group>"; };
		CDB4AEB918C617A40095D0DD /* login_back_btn_o.png */ = {isa = PBXFileReference; lastKnownFileType = image.png; path = login_back_btn_o.png; sourceTree = "<group>"; };
		CDB4AEBA18C617A40095D0DD /* login_back_btn.png */ = {isa = PBXFileReference; lastKnownFileType = image.png; path = login_back_btn.png; sourceTree = "<group>"; };
		CDB4AEBB18C617A40095D0DD /* login_btn_o.png */ = {isa = PBXFileReference; lastKnownFileType = image.png; path = login_btn_o.png; sourceTree = "<group>"; };
		CDB4AEBC18C617A40095D0DD /* login_btn.png */ = {isa = PBXFileReference; lastKnownFileType = image.png; path = login_btn.png; sourceTree = "<group>"; };
		CDB4AEBD18C617A40095D0DD /* login_line.png */ = {isa = PBXFileReference; lastKnownFileType = image.png; path = login_line.png; sourceTree = "<group>"; };
		CDB4AEBE18C617A40095D0DD /* logo@2x.png */ = {isa = PBXFileReference; lastKnownFileType = image.png; path = "logo@2x.png"; sourceTree = "<group>"; };
		CDB4AEBF18C617A40095D0DD /* myplace_press@2x.png */ = {isa = PBXFileReference; lastKnownFileType = image.png; path = "myplace_press@2x.png"; sourceTree = "<group>"; };
		CDB4AEC018C617A40095D0DD /* myplace@2x.png */ = {isa = PBXFileReference; lastKnownFileType = image.png; path = "myplace@2x.png"; sourceTree = "<group>"; };
		CDB4AEC118C617A40095D0DD /* pause_btn@2x.png */ = {isa = PBXFileReference; lastKnownFileType = image.png; path = "pause_btn@2x.png"; sourceTree = "<group>"; };
		CDB4AEC218C617A40095D0DD /* pause2_btn@2x.png */ = {isa = PBXFileReference; lastKnownFileType = image.png; path = "pause2_btn@2x.png"; sourceTree = "<group>"; };
		CDB4AEC318C617A40095D0DD /* play_btn_o.png */ = {isa = PBXFileReference; lastKnownFileType = image.png; path = play_btn_o.png; sourceTree = "<group>"; };
		CDB4AEC418C617A40095D0DD /* play_btn.png */ = {isa = PBXFileReference; lastKnownFileType = image.png; path = play_btn.png; sourceTree = "<group>"; };
		CDB4AEC518C617A40095D0DD /* play_btn@2x.png */ = {isa = PBXFileReference; lastKnownFileType = image.png; path = "play_btn@2x.png"; sourceTree = "<group>"; };
		CDB4AEC618C617A40095D0DD /* play2_btn@2x.png */ = {isa = PBXFileReference; lastKnownFileType = image.png; path = "play2_btn@2x.png"; sourceTree = "<group>"; };
		CDB4AEC818C617A40095D0DD /* record_btn@2x.png */ = {isa = PBXFileReference; lastKnownFileType = image.png; path = "record_btn@2x.png"; sourceTree = "<group>"; };
		CDB4AEC918C617A40095D0DD /* record_camera_icon_o.png */ = {isa = PBXFileReference; lastKnownFileType = image.png; path = record_camera_icon_o.png; sourceTree = "<group>"; };
		CDB4AECA18C617A40095D0DD /* record_camera_icon.png */ = {isa = PBXFileReference; lastKnownFileType = image.png; path = record_camera_icon.png; sourceTree = "<group>"; };
		CDB4AECB18C617A40095D0DD /* record_re_btn_o.png */ = {isa = PBXFileReference; lastKnownFileType = image.png; path = record_re_btn_o.png; sourceTree = "<group>"; };
		CDB4AECC18C617A40095D0DD /* record_re_btn.png */ = {isa = PBXFileReference; lastKnownFileType = image.png; path = record_re_btn.png; sourceTree = "<group>"; };
		CDB4AECD18C617A40095D0DD /* record_record_btn.png */ = {isa = PBXFileReference; lastKnownFileType = image.png; path = record_record_btn.png; sourceTree = "<group>"; };
		CDB4AECE18C617A40095D0DD /* record_stop_btn.png */ = {isa = PBXFileReference; lastKnownFileType = image.png; path = record_stop_btn.png; sourceTree = "<group>"; };
		CDB4AECF18C617A50095D0DD /* record2_btn@2x.png */ = {isa = PBXFileReference; lastKnownFileType = image.png; path = "record2_btn@2x.png"; sourceTree = "<group>"; };
		CDB4AED018C617A50095D0DD /* reload_btn_press@2x.png */ = {isa = PBXFileReference; lastKnownFileType = image.png; path = "reload_btn_press@2x.png"; sourceTree = "<group>"; };
		CDB4AED118C617A50095D0DD /* reload_btn@2x.png */ = {isa = PBXFileReference; lastKnownFileType = image.png; path = "reload_btn@2x.png"; sourceTree = "<group>"; };
		CDB4AED218C617A50095D0DD /* reload_icn.png */ = {isa = PBXFileReference; lastKnownFileType = image.png; path = reload_icn.png; sourceTree = "<group>"; };
		CDB4AED318C617A50095D0DD /* reload_location.png */ = {isa = PBXFileReference; lastKnownFileType = image.png; path = reload_location.png; sourceTree = "<group>"; };
		CDB4AED418C617A50095D0DD /* reload_press@2x.png */ = {isa = PBXFileReference; lastKnownFileType = image.png; path = "reload_press@2x.png"; sourceTree = "<group>"; };
		CDB4AED518C617A50095D0DD /* reload@2x.png */ = {isa = PBXFileReference; lastKnownFileType = image.png; path = "reload@2x.png"; sourceTree = "<group>"; };
		CDB4AED618C617A50095D0DD /* setting_btn_press@2x.png */ = {isa = PBXFileReference; lastKnownFileType = image.png; path = "setting_btn_press@2x.png"; sourceTree = "<group>"; };
		CDB4AED718C617A50095D0DD /* setting_btn@2x.png */ = {isa = PBXFileReference; lastKnownFileType = image.png; path = "setting_btn@2x.png"; sourceTree = "<group>"; };
		CDB4AED818C617A50095D0DD /* setting_press@2x.png */ = {isa = PBXFileReference; lastKnownFileType = image.png; path = "setting_press@2x.png"; sourceTree = "<group>"; };
		CDB4AED918C617A50095D0DD /* setting@2x.png */ = {isa = PBXFileReference; lastKnownFileType = image.png; path = "setting@2x.png"; sourceTree = "<group>"; };
		CDB4AEDA18C617A50095D0DD /* shadow_bottom@2x.png */ = {isa = PBXFileReference; lastKnownFileType = image.png; path = "shadow_bottom@2x.png"; sourceTree = "<group>"; };
		CDB4AEDB18C617A50095D0DD /* shadow_top@2x.png */ = {isa = PBXFileReference; lastKnownFileType = image.png; path = "shadow_top@2x.png"; sourceTree = "<group>"; };
		CDB4AEDC18C617A50095D0DD /* sign_up_btn_press@2x.png */ = {isa = PBXFileReference; lastKnownFileType = image.png; path = "sign_up_btn_press@2x.png"; sourceTree = "<group>"; };
		CDB4AEDD18C617A50095D0DD /* sign_up_btn@2x.png */ = {isa = PBXFileReference; lastKnownFileType = image.png; path = "sign_up_btn@2x.png"; sourceTree = "<group>"; };
		CDB4AEDE18C617A50095D0DD /* start_login_btn_o.png */ = {isa = PBXFileReference; lastKnownFileType = image.png; path = start_login_btn_o.png; sourceTree = "<group>"; };
		CDB4AEDF18C617A50095D0DD /* start_login_btn.png */ = {isa = PBXFileReference; lastKnownFileType = image.png; path = start_login_btn.png; sourceTree = "<group>"; };
		CDB4AEE018C617A50095D0DD /* start_signup_btn_o.png */ = {isa = PBXFileReference; lastKnownFileType = image.png; path = start_signup_btn_o.png; sourceTree = "<group>"; };
		CDB4AEE118C617A50095D0DD /* start_signup_btn.png */ = {isa = PBXFileReference; lastKnownFileType = image.png; path = start_signup_btn.png; sourceTree = "<group>"; };
		CDB4AEE218C617A50095D0DD /* tab_mask.png */ = {isa = PBXFileReference; lastKnownFileType = image.png; path = tab_mask.png; sourceTree = "<group>"; };
		CDB4AEE318C617A50095D0DD /* tu01.png */ = {isa = PBXFileReference; lastKnownFileType = image.png; path = tu01.png; sourceTree = "<group>"; };
		CDB4AEE418C617A50095D0DD /* tu02.png */ = {isa = PBXFileReference; lastKnownFileType = image.png; path = tu02.png; sourceTree = "<group>"; };
		CDB4AEE518C617A50095D0DD /* tu03.png */ = {isa = PBXFileReference; lastKnownFileType = image.png; path = tu03.png; sourceTree = "<group>"; };
		CDB4AEE618C617A50095D0DD /* tu04.png */ = {isa = PBXFileReference; lastKnownFileType = image.png; path = tu04.png; sourceTree = "<group>"; };
		CDB4AEE718C617A50095D0DD /* vobble_loading_icon.png */ = {isa = PBXFileReference; lastKnownFileType = image.png; path = vobble_loading_icon.png; sourceTree = "<group>"; };
		CDB4AEE818C617A50095D0DD /* voice_next_btn_o.png */ = {isa = PBXFileReference; lastKnownFileType = image.png; path = voice_next_btn_o.png; sourceTree = "<group>"; };
		CDB4AEE918C617A50095D0DD /* voice_next_btn.png */ = {isa = PBXFileReference; lastKnownFileType = image.png; path = voice_next_btn.png; sourceTree = "<group>"; };
		CDB4AEEA18C617A50095D0DD /* voice_prev_btn_o.png */ = {isa = PBXFileReference; lastKnownFileType = image.png; path = voice_prev_btn_o.png; sourceTree = "<group>"; };
		CDB4AEEB18C617A50095D0DD /* voice_prev_btn.png */ = {isa = PBXFileReference; lastKnownFileType = image.png; path = voice_prev_btn.png; sourceTree = "<group>"; };
		CDB4AEEC18C617A50095D0DD /* voice_record_btn_o.png */ = {isa = PBXFileReference; lastKnownFileType = image.png; path = voice_record_btn_o.png; sourceTree = "<group>"; };
		CDB4AEED18C617A50095D0DD /* voice_record_btn.png */ = {isa = PBXFileReference; lastKnownFileType = image.png; path = voice_record_btn.png; sourceTree = "<group>"; };
		CDB4AEEE18C617A50095D0DD /* voice_reload.png */ = {isa = PBXFileReference; lastKnownFileType = image.png; path = voice_reload.png; sourceTree = "<group>"; };
		CDB4AEEF18C617A50095D0DD /* voice_remove_btn_o.png */ = {isa = PBXFileReference; lastKnownFileType = image.png; path = voice_remove_btn_o.png; sourceTree = "<group>"; };
		CDB4AEF018C617A50095D0DD /* voice_remove_btn.png */ = {isa = PBXFileReference; lastKnownFileType = image.png; path = voice_remove_btn.png; sourceTree = "<group>"; };
		CDB4AEF118C617A50095D0DD /* voice_vobble.png */ = {isa = PBXFileReference; lastKnownFileType = image.png; path = voice_vobble.png; sourceTree = "<group>"; };
		CDB4AEF218C617A50095D0DD /* x_btn_press.png */ = {isa = PBXFileReference; lastKnownFileType = image.png; path = x_btn_press.png; sourceTree = "<group>"; };
		CDB4AEF318C617A50095D0DD /* x_btn.png */ = {isa = PBXFileReference; lastKnownFileType = image.png; path = x_btn.png; sourceTree = "<group>"; };
		CDB4AF5618C6180F0095D0DD /* record_btn_press@2x.png */ = {isa = PBXFileReference; lastKnownFileType = image.png; path = "record_btn_press@2x.png"; sourceTree = "<group>"; };
		CDB7294B18BA2E1A009EC23F /* QuartzCore.framework */ = {isa = PBXFileReference; lastKnownFileType = wrapper.framework; name = QuartzCore.framework; path = System/Library/Frameworks/QuartzCore.framework; sourceTree = SDKROOT; };
		CDB7294E18BA2F21009EC23F /* URL.h */ = {isa = PBXFileReference; fileEncoding = 4; lastKnownFileType = sourcecode.c.h; path = URL.h; sourceTree = "<group>"; };
		CDB7294F18BA2F21009EC23F /* URL.m */ = {isa = PBXFileReference; fileEncoding = 4; lastKnownFileType = sourcecode.c.objc; path = URL.m; sourceTree = "<group>"; };
		CDB7295118BA3052009EC23F /* IBCellFlipSegue.h */ = {isa = PBXFileReference; fileEncoding = 4; lastKnownFileType = sourcecode.c.h; path = IBCellFlipSegue.h; sourceTree = "<group>"; };
		CDB7295218BA3052009EC23F /* IBCellFlipSegue.m */ = {isa = PBXFileReference; fileEncoding = 4; lastKnownFileType = sourcecode.c.objc; path = IBCellFlipSegue.m; sourceTree = "<group>"; };
		CDBE816918C05B6D00588A8F /* AgreeViewController.h */ = {isa = PBXFileReference; fileEncoding = 4; lastKnownFileType = sourcecode.c.h; path = AgreeViewController.h; sourceTree = "<group>"; };
		CDBE816A18C05B6D00588A8F /* AgreeViewController.m */ = {isa = PBXFileReference; fileEncoding = 4; lastKnownFileType = sourcecode.c.objc; path = AgreeViewController.m; sourceTree = "<group>"; };
		CDD0246518BA5DDC005CD08D /* NavagtionBlurSegue.h */ = {isa = PBXFileReference; fileEncoding = 4; lastKnownFileType = sourcecode.c.h; path = NavagtionBlurSegue.h; sourceTree = "<group>"; };
		CDD0246618BA5DDC005CD08D /* NavagtionBlurSegue.m */ = {isa = PBXFileReference; fileEncoding = 4; lastKnownFileType = sourcecode.c.objc; path = NavagtionBlurSegue.m; sourceTree = "<group>"; };
		CDD0246818BA62C6005CD08D /* CoreLocation.framework */ = {isa = PBXFileReference; lastKnownFileType = wrapper.framework; name = CoreLocation.framework; path = System/Library/Frameworks/CoreLocation.framework; sourceTree = SDKROOT; };
		CDD0246A18BA63DF005CD08D /* MapKit.framework */ = {isa = PBXFileReference; lastKnownFileType = wrapper.framework; name = MapKit.framework; path = System/Library/Frameworks/MapKit.framework; sourceTree = SDKROOT; };
		CDD0246F18BA6594005CD08D /* libsqlite3.0.dylib */ = {isa = PBXFileReference; lastKnownFileType = "compiled.mach-o.dylib"; name = libsqlite3.0.dylib; path = usr/lib/libsqlite3.0.dylib; sourceTree = SDKROOT; };
		CDD0247118BA659C005CD08D /* SystemConfiguration.framework */ = {isa = PBXFileReference; lastKnownFileType = wrapper.framework; name = SystemConfiguration.framework; path = System/Library/Frameworks/SystemConfiguration.framework; sourceTree = SDKROOT; };
		D2A1BC1C944D485CAED47095 /* Pods.xcconfig */ = {isa = PBXFileReference; includeInIndex = 1; lastKnownFileType = text.xcconfig; name = Pods.xcconfig; path = Pods/Pods.xcconfig; sourceTree = "<group>"; };
		F60FDE2AA1EE48A5895DDF13 /* libPods.a */ = {isa = PBXFileReference; explicitFileType = archive.ar; includeInIndex = 0; path = libPods.a; sourceTree = BUILT_PRODUCTS_DIR; };
/* End PBXFileReference section */

/* Begin PBXFrameworksBuildPhase section */
		CD6C1DCF18B99860004DA3AB /* Frameworks */ = {
			isa = PBXFrameworksBuildPhase;
			buildActionMask = 2147483647;
			files = (
				CD49BD2518BC203F00E67C90 /* AVFoundation.framework in Frameworks */,
				CDD024AC18BA6D99005CD08D /* MapKit.framework in Frameworks */,
				CDD0247218BA659C005CD08D /* SystemConfiguration.framework in Frameworks */,
				CDD0246918BA62C6005CD08D /* CoreLocation.framework in Frameworks */,
				CDB7294C18BA2E1A009EC23F /* QuartzCore.framework in Frameworks */,
				CD264C8018B9D06400D9035A /* MediaPlayer.framework in Frameworks */,
				CD6C1DD818B99860004DA3AB /* CoreGraphics.framework in Frameworks */,
				CD6C1DDA18B99860004DA3AB /* UIKit.framework in Frameworks */,
				CD6C1DD618B99860004DA3AB /* Foundation.framework in Frameworks */,
				738F2A975B374B3496EE6156 /* libPods.a in Frameworks */,
			);
			runOnlyForDeploymentPostprocessing = 0;
		};
		CD6C1DF318B99860004DA3AB /* Frameworks */ = {
			isa = PBXFrameworksBuildPhase;
			buildActionMask = 2147483647;
			files = (
				CD6C1DF818B99860004DA3AB /* XCTest.framework in Frameworks */,
				CD6C1DFA18B99860004DA3AB /* UIKit.framework in Frameworks */,
				CD6C1DF918B99860004DA3AB /* Foundation.framework in Frameworks */,
			);
			runOnlyForDeploymentPostprocessing = 0;
		};
/* End PBXFrameworksBuildPhase section */

/* Begin PBXGroup section */
		CD264C5218B9C37300D9035A /* Common */ = {
			isa = PBXGroup;
			children = (
				CD264C5318B9C38B00D9035A /* SuperViewController.h */,
				CD264C5418B9C38B00D9035A /* SuperViewController.m */,
				CD264C5618B9C6F400D9035A /* App.h */,
				CD264C5718B9C6F400D9035A /* App.m */,
				CD49BD2118BC1EEF00E67C90 /* Track.h */,
				CD49BD2218BC1EEF00E67C90 /* Track.m */,
				CD67083C18BCD412001EA671 /* Pin.h */,
				CD67083D18BCD412001EA671 /* Pin.m */,
			);
			path = Common;
			sourceTree = "<group>";
		};
		CD264C6218B9C8A000D9035A /* Main */ = {
			isa = PBXGroup;
			children = (
				CD264C6418B9CC3700D9035A /* MainViewController.h */,
				CD264C6518B9CC3700D9035A /* MainViewController.m */,
				CD3155C618BA34BC00208393 /* MainVobbleViewController.h */,
				CD3155C718BA34BC00208393 /* MainVobbleViewController.m */,
				CD264C6718B9CC3F00D9035A /* EventViewController.h */,
				CD264C6818B9CC3F00D9035A /* EventViewController.m */,
				CD5CDE8A18BD993E00C77413 /* FriendVobbleViewController.h */,
				CD5CDE8B18BD993E00C77413 /* FriendVobbleViewController.m */,
				CD11160718C81FA300B382D4 /* AboutUsViewController.h */,
				CD11160818C81FA300B382D4 /* AboutUsViewController.m */,
			);
			path = Main;
			sourceTree = "<group>";
		};
		CD264C6318B9C8AC00D9035A /* Vobble */ = {
			isa = PBXGroup;
			children = (
				CD264C6A18B9CC4A00D9035A /* CreateVobbleViewController.h */,
				CD264C6B18B9CC4A00D9035A /* CreateVobbleViewController.m */,
				CD264C6D18B9CC5200D9035A /* ConfirmVobbleViewController.h */,
				CD264C6E18B9CC5200D9035A /* ConfirmVobbleViewController.m */,
				CD264C7018B9CC6300D9035A /* VobbleViewController.h */,
				CD264C7118B9CC6300D9035A /* VobbleViewController.m */,
			);
			path = Vobble;
			sourceTree = "<group>";
		};
		CD67083F18BCFB49001EA671 /* 3rdSource */ = {
			isa = PBXGroup;
			children = (
				CD67084018BCFB49001EA671 /* UIImage-ResizeMagick */,
			);
			path = 3rdSource;
			sourceTree = "<group>";
		};
		CD67084018BCFB49001EA671 /* UIImage-ResizeMagick */ = {
			isa = PBXGroup;
			children = (
				CD67084118BCFB49001EA671 /* .gitignore */,
				CD67084218BCFB49001EA671 /* LICENSE */,
				CD67084318BCFB49001EA671 /* README.md */,
				CD67084418BCFB49001EA671 /* UIImage+ResizeMagick.h */,
				CD67084518BCFB49001EA671 /* UIImage+ResizeMagick.m */,
				CD67084618BCFB49001EA671 /* UIImage-ResizeMagick.podspec */,
			);
			path = "UIImage-ResizeMagick";
			sourceTree = "<group>";
		};
		CD67084718BCFB49001EA671 /* DoActionSheet */ = {
			isa = PBXGroup;
			children = (
				CD67084818BCFB49001EA671 /* DoActionSheet.h */,
				CD67084918BCFB49001EA671 /* DoActionSheet.m */,
			);
			path = DoActionSheet;
			sourceTree = "<group>";
		};
		CD6C1DC918B99860004DA3AB = {
			isa = PBXGroup;
			children = (
				CD6C1E0D18B999A8004DA3AB /* Resources */,
				CD6C1DDB18B99860004DA3AB /* Vobble_IOS */,
				CD6C1DFD18B99860004DA3AB /* Vobble_IOSTests */,
				CD6C1DD418B99860004DA3AB /* Frameworks */,
				CD6C1DD318B99860004DA3AB /* Products */,
				D2A1BC1C944D485CAED47095 /* Pods.xcconfig */,
			);
			sourceTree = "<group>";
		};
		CD6C1DD318B99860004DA3AB /* Products */ = {
			isa = PBXGroup;
			children = (
				CD6C1DD218B99860004DA3AB /* Vobble_IOS.app */,
				CD6C1DF618B99860004DA3AB /* Vobble_IOSTests.xctest */,
			);
			name = Products;
			sourceTree = "<group>";
		};
		CD6C1DD418B99860004DA3AB /* Frameworks */ = {
			isa = PBXGroup;
			children = (
				CD49BD2418BC203F00E67C90 /* AVFoundation.framework */,
				CDD0247118BA659C005CD08D /* SystemConfiguration.framework */,
				CDD0246F18BA6594005CD08D /* libsqlite3.0.dylib */,
				CDD0246A18BA63DF005CD08D /* MapKit.framework */,
				CDD0246818BA62C6005CD08D /* CoreLocation.framework */,
				CDB7294B18BA2E1A009EC23F /* QuartzCore.framework */,
				CD264C7F18B9D06400D9035A /* MediaPlayer.framework */,
				CD6C1DD518B99860004DA3AB /* Foundation.framework */,
				CD6C1DD718B99860004DA3AB /* CoreGraphics.framework */,
				CD6C1DD918B99860004DA3AB /* UIKit.framework */,
				CD6C1DF718B99860004DA3AB /* XCTest.framework */,
				F60FDE2AA1EE48A5895DDF13 /* libPods.a */,
			);
			name = Frameworks;
			sourceTree = "<group>";
		};
		CD6C1DDB18B99860004DA3AB /* Vobble_IOS */ = {
			isa = PBXGroup;
			children = (
				CD119E2C18C5860E00286C32 /* Main_iPad.storyboard */,
				CD119E2E18C5860E00286C32 /* Main.storyboard */,
				CDB6A07C18BB7EF600A075F3 /* Compoents */,
				CDB7294D18BA2F16009EC23F /* Network */,
				CD264C6318B9C8AC00D9035A /* Vobble */,
				CD264C6218B9C8A000D9035A /* Main */,
				CD264C5218B9C37300D9035A /* Common */,
				CD6C1E5318B9A313004DA3AB /* Segues */,
				CD6C1E4F18B99A60004DA3AB /* Intro */,
				CD6C1E4818B99A58004DA3AB /* AppDelegate */,
				CD6C1DF018B99860004DA3AB /* Images.xcassets */,
				CD6C1DDC18B99860004DA3AB /* Supporting Files */,
			);
			path = Vobble_IOS;
			sourceTree = "<group>";
		};
		CD6C1DDC18B99860004DA3AB /* Supporting Files */ = {
			isa = PBXGroup;
			children = (
				CD96DC8F18BB972600E284A5 /* InfoPlist.strings */,
				CD96DC8918BB96C500E284A5 /* Localizable.strings */,
				CD6C1DDD18B99860004DA3AB /* Vobble_IOS-Info.plist */,
				CD6C1DE118B99860004DA3AB /* main.m */,
				CD6C1DE318B99860004DA3AB /* Vobble_IOS-Prefix.pch */,
			);
			name = "Supporting Files";
			sourceTree = "<group>";
		};
		CD6C1DFD18B99860004DA3AB /* Vobble_IOSTests */ = {
			isa = PBXGroup;
			children = (
				CD6C1E0318B99860004DA3AB /* Vobble_IOSTests.m */,
				CD6C1DFE18B99860004DA3AB /* Supporting Files */,
			);
			path = Vobble_IOSTests;
			sourceTree = "<group>";
		};
		CD6C1DFE18B99860004DA3AB /* Supporting Files */ = {
			isa = PBXGroup;
			children = (
				CD6C1DFF18B99860004DA3AB /* Vobble_IOSTests-Info.plist */,
			);
			name = "Supporting Files";
			sourceTree = "<group>";
		};
		CD6C1E0D18B999A8004DA3AB /* Resources */ = {
			isa = PBXGroup;
			children = (
				CDB4AF5618C6180F0095D0DD /* record_btn_press@2x.png */,
				CDB4AE9118C617A40095D0DD /* agree_btn_press@2x.png */,
				CDB4AE9218C617A40095D0DD /* agree_btn@2x.png */,
				CD11160A18C8292700B382D4 /* hansol.png */,
				CD11160B18C8292700B382D4 /* jaeyoung.png */,
				CD11160C18C8292700B382D4 /* more_btn_press.png */,
				CD11160D18C8292700B382D4 /* more_btn.png */,
				CD11160E18C8292700B382D4 /* seungjin.png */,
				CD11160F18C8292700B382D4 /* soyoon.png */,
				CD11161018C8292700B382D4 /* suwan.png */,
				CDB4AE9318C617A40095D0DD /* back_btn_o.png */,
				CDB4AE9418C617A40095D0DD /* back_btn.png */,
				CDB4AE9818C617A40095D0DD /* bg@2x.png */,
				CDB4AE9918C617A40095D0DD /* camera_press@2x.png */,
				CDB4AE9A18C617A40095D0DD /* camera@2x.png */,
				CDB4AE9B18C617A40095D0DD /* cancel_btn@2x.png */,
				CDB4AE9C18C617A40095D0DD /* cancel2_btn@2x.png */,
				CDB4AE9D18C617A40095D0DD /* disagree_btn_press@2x.png */,
				CDB4AE9E18C617A40095D0DD /* disagree_btn@2x.png */,
				CDB4AE9F18C617A40095D0DD /* event_icn.png */,
				CDB4AEA018C617A40095D0DD /* events_btn_press@2x.png */,
				CDB4AEA118C617A40095D0DD /* events_btn@2x.png */,
				CDB4AEA218C617A40095D0DD /* friends.png */,
				CDB4AEA318C617A40095D0DD /* ic_pin_01.png */,
				CDB4AEA418C617A40095D0DD /* icn_96.png */,
				CDB4AEAF18C617A40095D0DD /* intro.mp4 */,
				CDB4AEB018C617A40095D0DD /* intro.png */,
				CDB4AEB118C617A40095D0DD /* join_back_btn_o.png */,
				CDB4AEB218C617A40095D0DD /* join_back_btn.png */,
				CDB4AEB318C617A40095D0DD /* join_btn_o.png */,
				CDB4AEB418C617A40095D0DD /* join_btn.png */,
				CDB4AEB518C617A40095D0DD /* join_line.png */,
				CDB4AEB618C617A40095D0DD /* loading@2x.png */,
				CDB4AEB718C617A40095D0DD /* log_in_btn_press@2x.png */,
				CDB4AEB818C617A40095D0DD /* log_in_btn@2x.png */,
				CDB4AEB918C617A40095D0DD /* login_back_btn_o.png */,
				CDB4AEBA18C617A40095D0DD /* login_back_btn.png */,
				CDB4AEBB18C617A40095D0DD /* login_btn_o.png */,
				CDB4AEBC18C617A40095D0DD /* login_btn.png */,
				CDB4AEBD18C617A40095D0DD /* login_line.png */,
				CDB4AEBE18C617A40095D0DD /* logo@2x.png */,
				CDB4AEBF18C617A40095D0DD /* myplace_press@2x.png */,
				CDB4AEC018C617A40095D0DD /* myplace@2x.png */,
				CDB4AEC118C617A40095D0DD /* pause_btn@2x.png */,
				CDB4AEC218C617A40095D0DD /* pause2_btn@2x.png */,
				CDB4AEC318C617A40095D0DD /* play_btn_o.png */,
				CDB4AEC418C617A40095D0DD /* play_btn.png */,
				CDB4AEC518C617A40095D0DD /* play_btn@2x.png */,
				CDB4AEC618C617A40095D0DD /* play2_btn@2x.png */,
				CDB4AEC818C617A40095D0DD /* record_btn@2x.png */,
				CDB4AEC918C617A40095D0DD /* record_camera_icon_o.png */,
				CDB4AECA18C617A40095D0DD /* record_camera_icon.png */,
				CDB4AECB18C617A40095D0DD /* record_re_btn_o.png */,
				CDB4AECC18C617A40095D0DD /* record_re_btn.png */,
				CDB4AECD18C617A40095D0DD /* record_record_btn.png */,
				CDB4AECE18C617A40095D0DD /* record_stop_btn.png */,
				CDB4AECF18C617A50095D0DD /* record2_btn@2x.png */,
				CDB4AED018C617A50095D0DD /* reload_btn_press@2x.png */,
				CDB4AED118C617A50095D0DD /* reload_btn@2x.png */,
				CDB4AED218C617A50095D0DD /* reload_icn.png */,
				CDB4AED318C617A50095D0DD /* reload_location.png */,
				CDB4AED418C617A50095D0DD /* reload_press@2x.png */,
				CDB4AED518C617A50095D0DD /* reload@2x.png */,
				CDB4AED618C617A50095D0DD /* setting_btn_press@2x.png */,
				CDB4AED718C617A50095D0DD /* setting_btn@2x.png */,
				CDB4AED818C617A50095D0DD /* setting_press@2x.png */,
				CDB4AED918C617A50095D0DD /* setting@2x.png */,
				CDB4AEDA18C617A50095D0DD /* shadow_bottom@2x.png */,
				CDB4AEDB18C617A50095D0DD /* shadow_top@2x.png */,
				CDB4AEDC18C617A50095D0DD /* sign_up_btn_press@2x.png */,
				CDB4AEDD18C617A50095D0DD /* sign_up_btn@2x.png */,
				CDB4AEDE18C617A50095D0DD /* start_login_btn_o.png */,
				CDB4AEDF18C617A50095D0DD /* start_login_btn.png */,
				CDB4AEE018C617A50095D0DD /* start_signup_btn_o.png */,
				CDB4AEE118C617A50095D0DD /* start_signup_btn.png */,
				CDB4AEE218C617A50095D0DD /* tab_mask.png */,
				CDB4AEE318C617A50095D0DD /* tu01.png */,
				CDB4AEE418C617A50095D0DD /* tu02.png */,
				CDB4AEE518C617A50095D0DD /* tu03.png */,
				CDB4AEE618C617A50095D0DD /* tu04.png */,
				CDB4AEE718C617A50095D0DD /* vobble_loading_icon.png */,
				CDB4AEE818C617A50095D0DD /* voice_next_btn_o.png */,
				CDB4AEE918C617A50095D0DD /* voice_next_btn.png */,
				CDB4AEEA18C617A50095D0DD /* voice_prev_btn_o.png */,
				CDB4AEEB18C617A50095D0DD /* voice_prev_btn.png */,
				CDB4AEEC18C617A50095D0DD /* voice_record_btn_o.png */,
				CDB4AEED18C617A50095D0DD /* voice_record_btn.png */,
				CDB4AEEE18C617A50095D0DD /* voice_reload.png */,
				CDB4AEEF18C617A50095D0DD /* voice_remove_btn_o.png */,
				CDB4AEF018C617A50095D0DD /* voice_remove_btn.png */,
				CD11161818C833F300B382D4 /* bgbg@2x.png */,
				CDB4AEF118C617A50095D0DD /* voice_vobble.png */,
				CDB4AEF218C617A50095D0DD /* x_btn_press.png */,
				CDB4AEF318C617A50095D0DD /* x_btn.png */,
			);
			name = Resources;
			path = Vobble_IOS/Resources;
			sourceTree = "<group>";
		};
		CD6C1E4818B99A58004DA3AB /* AppDelegate */ = {
			isa = PBXGroup;
			children = (
				CD6C1E4918B99A58004DA3AB /* AppDelegate.h */,
				CD6C1E4A18B99A58004DA3AB /* AppDelegate.m */,
				CD6C1E4B18B99A58004DA3AB /* ViewController.h */,
				CD6C1E4C18B99A58004DA3AB /* ViewController.m */,
			);
			path = AppDelegate;
			sourceTree = "<group>";
		};
		CD6C1E4F18B99A60004DA3AB /* Intro */ = {
			isa = PBXGroup;
			children = (
				CD6C1E5018B99A90004DA3AB /* IntroViewController.h */,
				CD6C1E5118B99A90004DA3AB /* IntroViewController.m */,
				CD264C5918B9C84D00D9035A /* SignInViewController.h */,
				CD264C5A18B9C84D00D9035A /* SignInViewController.m */,
				CD264C5C18B9C85700D9035A /* SignUpViewController.h */,
				CD264C5D18B9C85700D9035A /* SignUpViewController.m */,
				CD264C5F18B9C88800D9035A /* SignViewController.h */,
				CD264C6018B9C88800D9035A /* SignViewController.m */,
				CD93CB7318BA13BD000FAD13 /* SignNavigationViewController.h */,
				CD93CB7418BA13BD000FAD13 /* SignNavigationViewController.m */,
				CDBE816918C05B6D00588A8F /* AgreeViewController.h */,
				CDBE816A18C05B6D00588A8F /* AgreeViewController.m */,
			);
			path = Intro;
			sourceTree = "<group>";
		};
		CD6C1E5318B9A313004DA3AB /* Segues */ = {
			isa = PBXGroup;
			children = (
				CDB7295118BA3052009EC23F /* IBCellFlipSegue.h */,
				CDB7295218BA3052009EC23F /* IBCellFlipSegue.m */,
				CD264C7318B9CD5400D9035A /* RootTransitionFlipSegue.h */,
				CD264C7418B9CD5400D9035A /* RootTransitionFlipSegue.m */,
				CD264C7618B9CD6100D9035A /* RootTransitionSegue.h */,
				CD264C7718B9CD6100D9035A /* RootTransitionSegue.m */,
				CD264C7C18B9CDFC00D9035A /* RootTransitionDissolve.h */,
				CD264C7D18B9CDFC00D9035A /* RootTransitionDissolve.m */,
				CD93CB7618BA19A4000FAD13 /* NavigationSegue.h */,
				CD93CB7718BA19A4000FAD13 /* NavigationSegue.m */,
				CDD0246518BA5DDC005CD08D /* NavagtionBlurSegue.h */,
				CDD0246618BA5DDC005CD08D /* NavagtionBlurSegue.m */,
				CD5CDE8D18BDA3ED00C77413 /* NavigationRootPopSegue.h */,
				CD5CDE8E18BDA3ED00C77413 /* NavigationRootPopSegue.m */,
			);
			path = Segues;
			sourceTree = "<group>";
		};
		CDB6A07C18BB7EF600A075F3 /* Compoents */ = {
			isa = PBXGroup;
			children = (
				CD67083F18BCFB49001EA671 /* 3rdSource */,
				CD67084718BCFB49001EA671 /* DoActionSheet */,
				CD08A88718BBA6EB0013FC53 /* SKBounceAnimation.h */,
				CD08A88818BBA6EB0013FC53 /* SKBounceAnimation.m */,
			);
			path = Compoents;
			sourceTree = "<group>";
		};
		CDB7294D18BA2F16009EC23F /* Network */ = {
			isa = PBXGroup;
			children = (
				CD02709718C9BB1C007CB8BC /* AFAppDotNetAPIClient.h */,
				CD02709818C9BB1C007CB8BC /* AFAppDotNetAPIClient.m */,
				CDB7294E18BA2F21009EC23F /* URL.h */,
				CDB7294F18BA2F21009EC23F /* URL.m */,
				CD08A88118BB9E920013FC53 /* User.h */,
				CD08A88218BB9E920013FC53 /* User.m */,
				CD08A88418BBA2870013FC53 /* Vobble.h */,
				CD08A88518BBA2870013FC53 /* Vobble.m */,
			);
			path = Network;
			sourceTree = "<group>";
		};
/* End PBXGroup section */

/* Begin PBXNativeTarget section */
		CD6C1DD118B99860004DA3AB /* Vobble_IOS */ = {
			isa = PBXNativeTarget;
			buildConfigurationList = CD6C1E0718B99860004DA3AB /* Build configuration list for PBXNativeTarget "Vobble_IOS" */;
			buildPhases = (
				B58158EF0ACB40748E4F4ACC /* Check Pods Manifest.lock */,
				CD6C1DCE18B99860004DA3AB /* Sources */,
				CD6C1DCF18B99860004DA3AB /* Frameworks */,
				CD6C1DD018B99860004DA3AB /* Resources */,
				5468441065A04CC1A2E36960 /* Copy Pods Resources */,
			);
			buildRules = (
			);
			dependencies = (
			);
			name = Vobble_IOS;
			productName = Vobble_IOS;
			productReference = CD6C1DD218B99860004DA3AB /* Vobble_IOS.app */;
			productType = "com.apple.product-type.application";
		};
		CD6C1DF518B99860004DA3AB /* Vobble_IOSTests */ = {
			isa = PBXNativeTarget;
			buildConfigurationList = CD6C1E0A18B99860004DA3AB /* Build configuration list for PBXNativeTarget "Vobble_IOSTests" */;
			buildPhases = (
				CD6C1DF218B99860004DA3AB /* Sources */,
				CD6C1DF318B99860004DA3AB /* Frameworks */,
				CD6C1DF418B99860004DA3AB /* Resources */,
			);
			buildRules = (
			);
			dependencies = (
				CD6C1DFC18B99860004DA3AB /* PBXTargetDependency */,
			);
			name = Vobble_IOSTests;
			productName = Vobble_IOSTests;
			productReference = CD6C1DF618B99860004DA3AB /* Vobble_IOSTests.xctest */;
			productType = "com.apple.product-type.bundle.unit-test";
		};
/* End PBXNativeTarget section */

/* Begin PBXProject section */
		CD6C1DCA18B99860004DA3AB /* Project object */ = {
			isa = PBXProject;
			attributes = {
				LastUpgradeCheck = 0500;
				ORGANIZATIONNAME = Nexters;
				TargetAttributes = {
					CD6C1DD118B99860004DA3AB = {
						DevelopmentTeam = 3DPPXS9XMF;
					};
					CD6C1DF518B99860004DA3AB = {
						TestTargetID = CD6C1DD118B99860004DA3AB;
					};
				};
			};
			buildConfigurationList = CD6C1DCD18B99860004DA3AB /* Build configuration list for PBXProject "Vobble_IOS" */;
			compatibilityVersion = "Xcode 3.2";
			developmentRegion = English;
			hasScannedForEncodings = 0;
			knownRegions = (
				en,
				Base,
				ko,
			);
			mainGroup = CD6C1DC918B99860004DA3AB;
			productRefGroup = CD6C1DD318B99860004DA3AB /* Products */;
			projectDirPath = "";
			projectRoot = "";
			targets = (
				CD6C1DD118B99860004DA3AB /* Vobble_IOS */,
				CD6C1DF518B99860004DA3AB /* Vobble_IOSTests */,
			);
		};
/* End PBXProject section */

/* Begin PBXResourcesBuildPhase section */
		CD6C1DD018B99860004DA3AB /* Resources */ = {
			isa = PBXResourcesBuildPhase;
			buildActionMask = 2147483647;
			files = (
				CD96DC9118BB972600E284A5 /* InfoPlist.strings in Resources */,
				CDB4AF3E18C617A50095D0DD /* sign_up_btn_press@2x.png in Resources */,
				CD11161118C8292700B382D4 /* hansol.png in Resources */,
				CDB4AF4318C617A50095D0DD /* start_signup_btn.png in Resources */,
				CD11161718C8292700B382D4 /* suwan.png in Resources */,
				CDB4AF2118C617A50095D0DD /* myplace_press@2x.png in Resources */,
				CDB4AF3318C617A50095D0DD /* reload_btn@2x.png in Resources */,
				CDB4AF5718C6180F0095D0DD /* record_btn_press@2x.png in Resources */,
				CDB4AEFB18C617A50095D0DD /* bg@2x.png in Resources */,
				CDB4AF2618C617A50095D0DD /* play_btn.png in Resources */,
				CDB4AEFD18C617A50095D0DD /* camera@2x.png in Resources */,
				CDB4AF1E18C617A50095D0DD /* login_btn.png in Resources */,
				CDB4AF3B18C617A50095D0DD /* setting@2x.png in Resources */,
				CD11161918C833F300B382D4 /* bgbg@2x.png in Resources */,
				CDB4AF0218C617A50095D0DD /* event_icn.png in Resources */,
				CDB4AF1718C617A50095D0DD /* join_line.png in Resources */,
				CDB4AF1418C617A50095D0DD /* join_back_btn.png in Resources */,
				CDB4AF3A18C617A50095D0DD /* setting_press@2x.png in Resources */,
				CDB4AF3218C617A50095D0DD /* reload_btn_press@2x.png in Resources */,
				CDB4AF5118C617A50095D0DD /* voice_remove_btn_o.png in Resources */,
				CDB4AF3718C617A50095D0DD /* reload@2x.png in Resources */,
				CDB4AF0018C617A50095D0DD /* disagree_btn_press@2x.png in Resources */,
				CDB4AF4E18C617A50095D0DD /* voice_record_btn_o.png in Resources */,
				CDB4AEFE18C617A50095D0DD /* cancel_btn@2x.png in Resources */,
				CDB4AF3C18C617A50095D0DD /* shadow_bottom@2x.png in Resources */,
				CDB4AF0418C617A50095D0DD /* events_btn@2x.png in Resources */,
				CDB4AF2A18C617A50095D0DD /* record_btn@2x.png in Resources */,
				CDB4AF4D18C617A50095D0DD /* voice_prev_btn.png in Resources */,
				CDB4AF2418C617A50095D0DD /* pause2_btn@2x.png in Resources */,
				CDB4AF0518C617A50095D0DD /* friends.png in Resources */,
				CDB4AF3918C617A50095D0DD /* setting_btn@2x.png in Resources */,
				CDB4AF4F18C617A50095D0DD /* voice_record_btn.png in Resources */,
				CDB4AF4B18C617A50095D0DD /* voice_next_btn.png in Resources */,
				CDB4AF3518C617A50095D0DD /* reload_location.png in Resources */,
				CDB4AF3418C617A50095D0DD /* reload_icn.png in Resources */,
				CD67084C18BCFB49001EA671 /* README.md in Resources */,
				CDB4AF5218C617A50095D0DD /* voice_remove_btn.png in Resources */,
				CDB4AF1D18C617A50095D0DD /* login_btn_o.png in Resources */,
				CDB4AF0118C617A50095D0DD /* disagree_btn@2x.png in Resources */,
				CD11161618C8292700B382D4 /* soyoon.png in Resources */,
				CDB4AF3818C617A50095D0DD /* setting_btn_press@2x.png in Resources */,
				CDB4AF1118C617A50095D0DD /* intro.mp4 in Resources */,
				CDB4AF5318C617A50095D0DD /* voice_vobble.png in Resources */,
				CDB4AEFF18C617A50095D0DD /* cancel2_btn@2x.png in Resources */,
				CDB4AF4218C617A50095D0DD /* start_signup_btn_o.png in Resources */,
				CDB4AF1318C617A50095D0DD /* join_back_btn_o.png in Resources */,
				CD6C1DF118B99860004DA3AB /* Images.xcassets in Resources */,
				CDB4AF4918C617A50095D0DD /* vobble_loading_icon.png in Resources */,
				CDB4AF2B18C617A50095D0DD /* record_camera_icon_o.png in Resources */,
				CDB4AF4A18C617A50095D0DD /* voice_next_btn_o.png in Resources */,
				CDB4AF4518C617A50095D0DD /* tu01.png in Resources */,
				CDB4AF5418C617A50095D0DD /* x_btn_press.png in Resources */,
				CDB4AF4818C617A50095D0DD /* tu04.png in Resources */,
				CDB4AF2C18C617A50095D0DD /* record_camera_icon.png in Resources */,
				CDB4AEF418C617A50095D0DD /* agree_btn_press@2x.png in Resources */,
				CD11161318C8292700B382D4 /* more_btn_press.png in Resources */,
				CDB4AF0318C617A50095D0DD /* events_btn_press@2x.png in Resources */,
				CDB4AF5518C617A50095D0DD /* x_btn.png in Resources */,
				CDB4AF0618C617A50095D0DD /* ic_pin_01.png in Resources */,
				CDB4AF2218C617A50095D0DD /* myplace@2x.png in Resources */,
				CDB4AF1218C617A50095D0DD /* intro.png in Resources */,
				CDB4AF1918C617A50095D0DD /* log_in_btn_press@2x.png in Resources */,
				CD11161418C8292700B382D4 /* more_btn.png in Resources */,
				CD67084B18BCFB49001EA671 /* LICENSE in Resources */,
				CDB4AF2E18C617A50095D0DD /* record_re_btn.png in Resources */,
				CDB4AF1818C617A50095D0DD /* loading@2x.png in Resources */,
				CDB4AEF518C617A50095D0DD /* agree_btn@2x.png in Resources */,
				CDB4AEF718C617A50095D0DD /* back_btn.png in Resources */,
				CDB4AF5018C617A50095D0DD /* voice_reload.png in Resources */,
				CDB4AF1618C617A50095D0DD /* join_btn.png in Resources */,
				CDB4AF2F18C617A50095D0DD /* record_record_btn.png in Resources */,
				CDB4AF2D18C617A50095D0DD /* record_re_btn_o.png in Resources */,
				CDB4AF3D18C617A50095D0DD /* shadow_top@2x.png in Resources */,
				CDB4AF1518C617A50095D0DD /* join_btn_o.png in Resources */,
				CD67084E18BCFB49001EA671 /* UIImage-ResizeMagick.podspec in Resources */,
				CDB4AF2318C617A50095D0DD /* pause_btn@2x.png in Resources */,
				CDB4AEFC18C617A50095D0DD /* camera_press@2x.png in Resources */,
				CDB4AF2518C617A50095D0DD /* play_btn_o.png in Resources */,
				CDB4AF2818C617A50095D0DD /* play2_btn@2x.png in Resources */,
				CD96DC8B18BB96C500E284A5 /* Localizable.strings in Resources */,
				CD11161518C8292700B382D4 /* seungjin.png in Resources */,
				CDB4AF4C18C617A50095D0DD /* voice_prev_btn_o.png in Resources */,
				CDB4AF0718C617A50095D0DD /* icn_96.png in Resources */,
				CDB4AF4418C617A50095D0DD /* tab_mask.png in Resources */,
				CDB4AF2018C617A50095D0DD /* logo@2x.png in Resources */,
				CDB4AF4618C617A50095D0DD /* tu02.png in Resources */,
				CDB4AF1A18C617A50095D0DD /* log_in_btn@2x.png in Resources */,
				CDB4AF1F18C617A50095D0DD /* login_line.png in Resources */,
				CD119E3118C5860E00286C32 /* Main.storyboard in Resources */,
				CDB4AF1B18C617A50095D0DD /* login_back_btn_o.png in Resources */,
				CDB4AF4718C617A50095D0DD /* tu03.png in Resources */,
				CDB4AF3F18C617A50095D0DD /* sign_up_btn@2x.png in Resources */,
				CDB4AF3618C617A50095D0DD /* reload_press@2x.png in Resources */,
				CDB4AF4118C617A50095D0DD /* start_login_btn.png in Resources */,
				CDB4AF3118C617A50095D0DD /* record2_btn@2x.png in Resources */,
				CD11161218C8292700B382D4 /* jaeyoung.png in Resources */,
				CD67084A18BCFB49001EA671 /* .gitignore in Resources */,
				CDB4AF1C18C617A50095D0DD /* login_back_btn.png in Resources */,
				CDB4AF4018C617A50095D0DD /* start_login_btn_o.png in Resources */,
				CDB4AEF618C617A50095D0DD /* back_btn_o.png in Resources */,
				CDB4AF2718C617A50095D0DD /* play_btn@2x.png in Resources */,
				CDB4AF3018C617A50095D0DD /* record_stop_btn.png in Resources */,
			);
			runOnlyForDeploymentPostprocessing = 0;
		};
		CD6C1DF418B99860004DA3AB /* Resources */ = {
			isa = PBXResourcesBuildPhase;
			buildActionMask = 2147483647;
			files = (
				CD96DC8E18BB96F600E284A5 /* Localizable.strings in Resources */,
			);
			runOnlyForDeploymentPostprocessing = 0;
		};
/* End PBXResourcesBuildPhase section */

/* Begin PBXShellScriptBuildPhase section */
		5468441065A04CC1A2E36960 /* Copy Pods Resources */ = {
			isa = PBXShellScriptBuildPhase;
			buildActionMask = 2147483647;
			files = (
			);
			inputPaths = (
			);
			name = "Copy Pods Resources";
			outputPaths = (
			);
			runOnlyForDeploymentPostprocessing = 0;
			shellPath = /bin/sh;
			shellScript = "\"${SRCROOT}/Pods/Pods-resources.sh\"\n";
			showEnvVarsInLog = 0;
		};
		B58158EF0ACB40748E4F4ACC /* Check Pods Manifest.lock */ = {
			isa = PBXShellScriptBuildPhase;
			buildActionMask = 2147483647;
			files = (
			);
			inputPaths = (
			);
			name = "Check Pods Manifest.lock";
			outputPaths = (
			);
			runOnlyForDeploymentPostprocessing = 0;
			shellPath = /bin/sh;
			shellScript = "diff \"${PODS_ROOT}/../Podfile.lock\" \"${PODS_ROOT}/Manifest.lock\" > /dev/null\nif [[ $? != 0 ]] ; then\n    cat << EOM\nerror: The sandbox is not in sync with the Podfile.lock. Run 'pod install' or update your CocoaPods installation.\nEOM\n    exit 1\nfi\n";
			showEnvVarsInLog = 0;
		};
/* End PBXShellScriptBuildPhase section */

/* Begin PBXSourcesBuildPhase section */
		CD6C1DCE18B99860004DA3AB /* Sources */ = {
			isa = PBXSourcesBuildPhase;
			buildActionMask = 2147483647;
			files = (
				CD93CB7818BA19A4000FAD13 /* NavigationSegue.m in Sources */,
				CD264C6618B9CC3700D9035A /* MainViewController.m in Sources */,
				CD264C5B18B9C84D00D9035A /* SignInViewController.m in Sources */,
				CDB7295018BA2F21009EC23F /* URL.m in Sources */,
				CD11160918C81FA300B382D4 /* AboutUsViewController.m in Sources */,
				CDB7295318BA3052009EC23F /* IBCellFlipSegue.m in Sources */,
				CD3155C818BA34BC00208393 /* MainVobbleViewController.m in Sources */,
				CD264C6118B9C88800D9035A /* SignViewController.m in Sources */,
				CD67083E18BCD412001EA671 /* Pin.m in Sources */,
				CD6C1E4D18B99A58004DA3AB /* AppDelegate.m in Sources */,
				CD08A88318BB9E920013FC53 /* User.m in Sources */,
				CD264C7E18B9CDFC00D9035A /* RootTransitionDissolve.m in Sources */,
				CD6C1DE218B99860004DA3AB /* main.m in Sources */,
				CD02709918C9BB1C007CB8BC /* AFAppDotNetAPIClient.m in Sources */,
				CD264C5818B9C6F400D9035A /* App.m in Sources */,
				CD08A88618BBA2870013FC53 /* Vobble.m in Sources */,
				CD264C5518B9C38B00D9035A /* SuperViewController.m in Sources */,
				CD5CDE8F18BDA3ED00C77413 /* NavigationRootPopSegue.m in Sources */,
				CD264C7518B9CD5400D9035A /* RootTransitionFlipSegue.m in Sources */,
				CD6C1E4E18B99A58004DA3AB /* ViewController.m in Sources */,
				CD6C1E5218B99A90004DA3AB /* IntroViewController.m in Sources */,
				CD264C7818B9CD6100D9035A /* RootTransitionSegue.m in Sources */,
				CD49BD2318BC1EEF00E67C90 /* Track.m in Sources */,
				CD08A88918BBA6EB0013FC53 /* SKBounceAnimation.m in Sources */,
				CD264C6F18B9CC5200D9035A /* ConfirmVobbleViewController.m in Sources */,
				CD264C6918B9CC3F00D9035A /* EventViewController.m in Sources */,
				CD264C6C18B9CC4A00D9035A /* CreateVobbleViewController.m in Sources */,
				CD264C5E18B9C85700D9035A /* SignUpViewController.m in Sources */,
				CDBE816B18C05B6D00588A8F /* AgreeViewController.m in Sources */,
				CD67084D18BCFB49001EA671 /* UIImage+ResizeMagick.m in Sources */,
				CD67084F18BCFB49001EA671 /* DoActionSheet.m in Sources */,
				CD5CDE8C18BD993E00C77413 /* FriendVobbleViewController.m in Sources */,
				CD264C7218B9CC6300D9035A /* VobbleViewController.m in Sources */,
				CDD0246718BA5DDC005CD08D /* NavagtionBlurSegue.m in Sources */,
				CD93CB7518BA13BD000FAD13 /* SignNavigationViewController.m in Sources */,
			);
			runOnlyForDeploymentPostprocessing = 0;
		};
		CD6C1DF218B99860004DA3AB /* Sources */ = {
			isa = PBXSourcesBuildPhase;
			buildActionMask = 2147483647;
			files = (
				CD6C1E0418B99860004DA3AB /* Vobble_IOSTests.m in Sources */,
			);
			runOnlyForDeploymentPostprocessing = 0;
		};
/* End PBXSourcesBuildPhase section */

/* Begin PBXTargetDependency section */
		CD6C1DFC18B99860004DA3AB /* PBXTargetDependency */ = {
			isa = PBXTargetDependency;
			target = CD6C1DD118B99860004DA3AB /* Vobble_IOS */;
			targetProxy = CD6C1DFB18B99860004DA3AB /* PBXContainerItemProxy */;
		};
/* End PBXTargetDependency section */

/* Begin PBXVariantGroup section */
		CD119E2C18C5860E00286C32 /* Main_iPad.storyboard */ = {
			isa = PBXVariantGroup;
			children = (
				CD119E2D18C5860E00286C32 /* Base */,
			);
			name = Main_iPad.storyboard;
			sourceTree = "<group>";
		};
		CD119E2E18C5860E00286C32 /* Main.storyboard */ = {
			isa = PBXVariantGroup;
			children = (
				CD119E3218C5864F00286C32 /* en */,
			);
			name = Main.storyboard;
			sourceTree = "<group>";
		};
		CD96DC8918BB96C500E284A5 /* Localizable.strings */ = {
			isa = PBXVariantGroup;
			children = (
				CD96DC8A18BB96C500E284A5 /* en */,
				CD96DC8C18BB96D100E284A5 /* ko */,
			);
			name = Localizable.strings;
			sourceTree = "<group>";
		};
		CD96DC8F18BB972600E284A5 /* InfoPlist.strings */ = {
			isa = PBXVariantGroup;
			children = (
				CD96DC9018BB972600E284A5 /* en */,
				CD96DC9318BB973800E284A5 /* ko */,
			);
			name = InfoPlist.strings;
			sourceTree = "<group>";
		};
/* End PBXVariantGroup section */

/* Begin XCBuildConfiguration section */
		CD6C1E0518B99860004DA3AB /* Debug */ = {
			isa = XCBuildConfiguration;
			buildSettings = {
				ALWAYS_SEARCH_USER_PATHS = NO;
				ARCHS = "$(ARCHS_STANDARD)";
				CLANG_CXX_LANGUAGE_STANDARD = "gnu++0x";
				CLANG_CXX_LIBRARY = "libc++";
				CLANG_ENABLE_MODULES = YES;
				CLANG_ENABLE_OBJC_ARC = YES;
				CLANG_WARN_BOOL_CONVERSION = YES;
				CLANG_WARN_CONSTANT_CONVERSION = YES;
				CLANG_WARN_DIRECT_OBJC_ISA_USAGE = YES_ERROR;
				CLANG_WARN_EMPTY_BODY = YES;
				CLANG_WARN_ENUM_CONVERSION = YES;
				CLANG_WARN_INT_CONVERSION = YES;
				CLANG_WARN_OBJC_ROOT_CLASS = YES_ERROR;
				CLANG_WARN__DUPLICATE_METHOD_MATCH = YES;
				CODE_SIGN_IDENTITY = "iPhone Developer: Ju Young Hong (CX2B64UU5J)";
				"CODE_SIGN_IDENTITY[sdk=iphoneos*]" = "iPhone Developer: Ju Young Hong (CX2B64UU5J)";
				COPY_PHASE_STRIP = NO;
				GCC_C_LANGUAGE_STANDARD = gnu99;
				GCC_DYNAMIC_NO_PIC = NO;
				GCC_OPTIMIZATION_LEVEL = 0;
				GCC_PREPROCESSOR_DEFINITIONS = (
					"DEBUG=1",
					"$(inherited)",
				);
				GCC_SYMBOLS_PRIVATE_EXTERN = NO;
				GCC_WARN_64_TO_32_BIT_CONVERSION = YES;
				GCC_WARN_ABOUT_RETURN_TYPE = YES_ERROR;
				GCC_WARN_UNDECLARED_SELECTOR = YES;
				GCC_WARN_UNINITIALIZED_AUTOS = YES;
				GCC_WARN_UNUSED_FUNCTION = YES;
				GCC_WARN_UNUSED_VARIABLE = YES;
				IPHONEOS_DEPLOYMENT_TARGET = 7.0;
				ONLY_ACTIVE_ARCH = YES;
				PROVISIONING_PROFILE = "91CB2BC2-07C2-4CE3-89F5-0B40404D9FC1";
				SDKROOT = iphoneos;
				TARGETED_DEVICE_FAMILY = "1,2";
			};
			name = Debug;
		};
		CD6C1E0618B99860004DA3AB /* Release */ = {
			isa = XCBuildConfiguration;
			buildSettings = {
				ALWAYS_SEARCH_USER_PATHS = NO;
				ARCHS = "$(ARCHS_STANDARD)";
				CLANG_CXX_LANGUAGE_STANDARD = "gnu++0x";
				CLANG_CXX_LIBRARY = "libc++";
				CLANG_ENABLE_MODULES = YES;
				CLANG_ENABLE_OBJC_ARC = YES;
				CLANG_WARN_BOOL_CONVERSION = YES;
				CLANG_WARN_CONSTANT_CONVERSION = YES;
				CLANG_WARN_DIRECT_OBJC_ISA_USAGE = YES_ERROR;
				CLANG_WARN_EMPTY_BODY = YES;
				CLANG_WARN_ENUM_CONVERSION = YES;
				CLANG_WARN_INT_CONVERSION = YES;
				CLANG_WARN_OBJC_ROOT_CLASS = YES_ERROR;
				CLANG_WARN__DUPLICATE_METHOD_MATCH = YES;
				CODE_SIGN_IDENTITY = "iPhone Distribution: Ju Young Hong (3DPPXS9XMF)";
				"CODE_SIGN_IDENTITY[sdk=iphoneos*]" = "iPhone Distribution: Ju Young Hong (3DPPXS9XMF)";
				COPY_PHASE_STRIP = YES;
				ENABLE_NS_ASSERTIONS = NO;
				GCC_C_LANGUAGE_STANDARD = gnu99;
				GCC_WARN_64_TO_32_BIT_CONVERSION = YES;
				GCC_WARN_ABOUT_RETURN_TYPE = YES_ERROR;
				GCC_WARN_UNDECLARED_SELECTOR = YES;
				GCC_WARN_UNINITIALIZED_AUTOS = YES;
				GCC_WARN_UNUSED_FUNCTION = YES;
				GCC_WARN_UNUSED_VARIABLE = YES;
				IPHONEOS_DEPLOYMENT_TARGET = 7.0;
				PROVISIONING_PROFILE = "91CB2BC2-07C2-4CE3-89F5-0B40404D9FC1";
				SDKROOT = iphoneos;
				TARGETED_DEVICE_FAMILY = "1,2";
				VALIDATE_PRODUCT = YES;
			};
			name = Release;
		};
		CD6C1E0818B99860004DA3AB /* Debug */ = {
			isa = XCBuildConfiguration;
			baseConfigurationReference = D2A1BC1C944D485CAED47095 /* Pods.xcconfig */;
			buildSettings = {
				ARCHS = "$(ARCHS_STANDARD_INCLUDING_64_BIT)";
				ASSETCATALOG_COMPILER_APPICON_NAME = AppIcon;
				ASSETCATALOG_COMPILER_LAUNCHIMAGE_NAME = LaunchImage;
				CODE_SIGN_IDENTITY = "iPhone Developer";
				"CODE_SIGN_IDENTITY[sdk=iphoneos*]" = "iPhone Developer";
				GCC_PRECOMPILE_PREFIX_HEADER = YES;
				GCC_PREFIX_HEADER = "Vobble_IOS/Vobble_IOS-Prefix.pch";
				HEADER_SEARCH_PATHS = (
					"\"${PODS_ROOT}/Headers\"",
					"\"${PODS_ROOT}/Headers/AFNetworking\"",
					"\"${PODS_ROOT}/Headers/BlurryModalSegue\"",
					"\"${PODS_ROOT}/Headers/CJStringValidator\"",
					"\"${PODS_ROOT}/Headers/DCModalSegue\"",
					"\"${PODS_ROOT}/Headers/EasyViewPager\"",
					"\"${PODS_ROOT}/Headers/FSExtendedAlertKit\"",
					"\"${PODS_ROOT}/Headers/JSONKit\"",
					"\"${PODS_ROOT}/Headers/M13ProgressSuite\"",
					"\"${PODS_ROOT}/Headers/MBProgressHUD\"",
					"\"${PODS_ROOT}/Headers/MHTextField\"",
					"\"${PODS_ROOT}/Headers/MZAppearance\"",
					"\"${PODS_ROOT}/Headers/PunchScrollView\"",
					"\"${PODS_ROOT}/Headers/SDWebImage\"",
					"\"${PODS_ROOT}/Headers/TTTAttributedLabel\"",
					"\"${PODS_ROOT}/Headers/UIImage+BlurredFrame\"",
				);
				INFOPLIST_FILE = "Vobble_IOS/Vobble_IOS-Info.plist";
				IPHONEOS_DEPLOYMENT_TARGET = 6.0;
				LIBRARY_SEARCH_PATHS = "$(inherited)";
				OTHER_LDFLAGS = (
					"-ObjC",
					"-framework",
					Accelerate,
					"-framework",
					CoreGraphics,
					"-framework",
					CoreImage,
					"-framework",
					CoreText,
					"-framework",
					Foundation,
					"-framework",
					ImageIO,
					"-framework",
					MobileCoreServices,
					"-framework",
					QuartzCore,
					"-framework",
					Security,
					"-framework",
					SystemConfiguration,
					"-framework",
					UIKit,
				);
				PRODUCT_NAME = "$(TARGET_NAME)";
				PROVISIONING_PROFILE = "";
				TARGETED_DEVICE_FAMILY = "1,2";
				WRAPPER_EXTENSION = app;
			};
			name = Debug;
		};
		CD6C1E0918B99860004DA3AB /* Release */ = {
			isa = XCBuildConfiguration;
			baseConfigurationReference = D2A1BC1C944D485CAED47095 /* Pods.xcconfig */;
			buildSettings = {
				ARCHS = "$(ARCHS_STANDARD_INCLUDING_64_BIT)";
				ASSETCATALOG_COMPILER_APPICON_NAME = AppIcon;
				ASSETCATALOG_COMPILER_LAUNCHIMAGE_NAME = LaunchImage;
				CODE_SIGN_IDENTITY = "iPhone Developer";
				"CODE_SIGN_IDENTITY[sdk=iphoneos*]" = "iPhone Developer";
				GCC_PRECOMPILE_PREFIX_HEADER = YES;
				GCC_PREFIX_HEADER = "Vobble_IOS/Vobble_IOS-Prefix.pch";
				HEADER_SEARCH_PATHS = (
					"\"${PODS_ROOT}/Headers\"",
					"\"${PODS_ROOT}/Headers/AFNetworking\"",
					"\"${PODS_ROOT}/Headers/BlurryModalSegue\"",
					"\"${PODS_ROOT}/Headers/CJStringValidator\"",
					"\"${PODS_ROOT}/Headers/DCModalSegue\"",
					"\"${PODS_ROOT}/Headers/EasyViewPager\"",
					"\"${PODS_ROOT}/Headers/FSExtendedAlertKit\"",
					"\"${PODS_ROOT}/Headers/JSONKit\"",
					"\"${PODS_ROOT}/Headers/M13ProgressSuite\"",
					"\"${PODS_ROOT}/Headers/MBProgressHUD\"",
					"\"${PODS_ROOT}/Headers/MHTextField\"",
					"\"${PODS_ROOT}/Headers/MZAppearance\"",
					"\"${PODS_ROOT}/Headers/PunchScrollView\"",
					"\"${PODS_ROOT}/Headers/SDWebImage\"",
					"\"${PODS_ROOT}/Headers/TTTAttributedLabel\"",
					"\"${PODS_ROOT}/Headers/UIImage+BlurredFrame\"",
				);
				INFOPLIST_FILE = "Vobble_IOS/Vobble_IOS-Info.plist";
				IPHONEOS_DEPLOYMENT_TARGET = 6.0;
				LIBRARY_SEARCH_PATHS = "$(inherited)";
				OTHER_LDFLAGS = (
					"-ObjC",
					"-framework",
					Accelerate,
					"-framework",
					CoreGraphics,
					"-framework",
					CoreImage,
					"-framework",
					CoreText,
					"-framework",
					Foundation,
					"-framework",
					ImageIO,
					"-framework",
					MobileCoreServices,
					"-framework",
					QuartzCore,
					"-framework",
					Security,
					"-framework",
					SystemConfiguration,
					"-framework",
					UIKit,
				);
				PRODUCT_NAME = "$(TARGET_NAME)";
				PROVISIONING_PROFILE = "";
				TARGETED_DEVICE_FAMILY = "1,2";
				WRAPPER_EXTENSION = app;
			};
			name = Release;
		};
		CD6C1E0B18B99860004DA3AB /* Debug */ = {
			isa = XCBuildConfiguration;
			buildSettings = {
				ARCHS = "$(ARCHS_STANDARD_INCLUDING_64_BIT)";
				BUNDLE_LOADER = "$(BUILT_PRODUCTS_DIR)/Vobble_IOS.app/Vobble_IOS";
				FRAMEWORK_SEARCH_PATHS = (
					"$(SDKROOT)/Developer/Library/Frameworks",
					"$(inherited)",
					"$(DEVELOPER_FRAMEWORKS_DIR)",
				);
				GCC_PRECOMPILE_PREFIX_HEADER = YES;
				GCC_PREFIX_HEADER = "Vobble_IOS/Vobble_IOS-Prefix.pch";
				GCC_PREPROCESSOR_DEFINITIONS = (
					"DEBUG=1",
					"$(inherited)",
				);
				INFOPLIST_FILE = "Vobble_IOSTests/Vobble_IOSTests-Info.plist";
				PRODUCT_NAME = "$(TARGET_NAME)";
				TEST_HOST = "$(BUNDLE_LOADER)";
				WRAPPER_EXTENSION = xctest;
			};
			name = Debug;
		};
		CD6C1E0C18B99860004DA3AB /* Release */ = {
			isa = XCBuildConfiguration;
			buildSettings = {
				ARCHS = "$(ARCHS_STANDARD_INCLUDING_64_BIT)";
				BUNDLE_LOADER = "$(BUILT_PRODUCTS_DIR)/Vobble_IOS.app/Vobble_IOS";
				FRAMEWORK_SEARCH_PATHS = (
					"$(SDKROOT)/Developer/Library/Frameworks",
					"$(inherited)",
					"$(DEVELOPER_FRAMEWORKS_DIR)",
				);
				GCC_PRECOMPILE_PREFIX_HEADER = YES;
				GCC_PREFIX_HEADER = "Vobble_IOS/Vobble_IOS-Prefix.pch";
				INFOPLIST_FILE = "Vobble_IOSTests/Vobble_IOSTests-Info.plist";
				PRODUCT_NAME = "$(TARGET_NAME)";
				TEST_HOST = "$(BUNDLE_LOADER)";
				WRAPPER_EXTENSION = xctest;
			};
			name = Release;
		};
/* End XCBuildConfiguration section */

/* Begin XCConfigurationList section */
		CD6C1DCD18B99860004DA3AB /* Build configuration list for PBXProject "Vobble_IOS" */ = {
			isa = XCConfigurationList;
			buildConfigurations = (
				CD6C1E0518B99860004DA3AB /* Debug */,
				CD6C1E0618B99860004DA3AB /* Release */,
			);
			defaultConfigurationIsVisible = 0;
			defaultConfigurationName = Debug;
		};
		CD6C1E0718B99860004DA3AB /* Build configuration list for PBXNativeTarget "Vobble_IOS" */ = {
			isa = XCConfigurationList;
			buildConfigurations = (
				CD6C1E0818B99860004DA3AB /* Debug */,
				CD6C1E0918B99860004DA3AB /* Release */,
			);
			defaultConfigurationIsVisible = 0;
			defaultConfigurationName = Debug;
		};
		CD6C1E0A18B99860004DA3AB /* Build configuration list for PBXNativeTarget "Vobble_IOSTests" */ = {
			isa = XCConfigurationList;
			buildConfigurations = (
				CD6C1E0B18B99860004DA3AB /* Debug */,
				CD6C1E0C18B99860004DA3AB /* Release */,
			);
			defaultConfigurationIsVisible = 0;
			defaultConfigurationName = Debug;
		};
/* End XCConfigurationList section */
	};
	rootObject = CD6C1DCA18B99860004DA3AB /* Project object */;
}
